
Microsoft Visual Studio Solution File, Format Version 12.00
# Visual Studio Version 16
VisualStudioVersion = 16.0.31112.23
MinimumVisualStudioVersion = 10.0.40219.1
Project("{FAE04EC0-301F-11D3-BF4B-00C04F79EFBC}") = "RectangleClass", "RectangleClass\RectangleClass.csproj", "{A16E0E69-FD5E-4BAD-88CA-C8CDD5ECDAB4}"
EndProject
Global
	GlobalSection(SolutionConfigurationPlatforms) = preSolution
		Debug|Any CPU = Debug|Any CPU
		Release|Any CPU = Release|Any CPU
	EndGlobalSection
	GlobalSection(ProjectConfigurationPlatforms) = postSolution
		{A16E0E69-FD5E-4BAD-88CA-C8CDD5ECDAB4}.Debug|Any CPU.ActiveCfg = Debug|Any CPU
		{A16E0E69-FD5E-4BAD-88CA-C8CDD5ECDAB4}.Debug|Any CPU.Build.0 = Debug|Any CPU
		{A16E0E69-FD5E-4BAD-88CA-C8CDD5ECDAB4}.Release|Any CPU.ActiveCfg = Release|Any CPU
		{A16E0E69-FD5E-4BAD-88CA-C8CDD5ECDAB4}.Release|Any CPU.Build.0 = Release|Any CPU
	EndGlobalSection
	GlobalSection(SolutionProperties) = preSolution
		HideSolutionNode = FALSE
	EndGlobalSection
	GlobalSection(ExtensibilityGlobals) = postSolution
		SolutionGuid = {3EF13889-AE93-40B6-BC21-1FFCC5C94CC9}
	EndGlobalSection
EndGlobal
