
Microsoft Visual Studio Solution File, Format Version 12.00
# Visual Studio Version 16
VisualStudioVersion = 16.0.29926.136
MinimumVisualStudioVersion = 10.0.40219.1
Project("{FAE04EC0-301F-11D3-BF4B-00C04F79EFBC}") = "Min_Number", "Min_Number\Min_Number.csproj", "{1AF567BB-61F0-44BF-890A-FF0A1E509A90}"
EndProject
Global
	GlobalSection(SolutionConfigurationPlatforms) = preSolution
		Debug|Any CPU = Debug|Any CPU
		Release|Any CPU = Release|Any CPU
	EndGlobalSection
	GlobalSection(ProjectConfigurationPlatforms) = postSolution
		{1AF567BB-61F0-44BF-890A-FF0A1E509A90}.Debug|Any CPU.ActiveCfg = Debug|Any CPU
		{1AF567BB-61F0-44BF-890A-FF0A1E509A90}.Debug|Any CPU.Build.0 = Debug|Any CPU
		{1AF567BB-61F0-44BF-890A-FF0A1E509A90}.Release|Any CPU.ActiveCfg = Release|Any CPU
		{1AF567BB-61F0-44BF-890A-FF0A1E509A90}.Release|Any CPU.Build.0 = Release|Any CPU
	EndGlobalSection
	GlobalSection(SolutionProperties) = preSolution
		HideSolutionNode = FALSE
	EndGlobalSection
	GlobalSection(ExtensibilityGlobals) = postSolution
		SolutionGuid = {7316AFF5-5350-42BF-B7CA-4AA053B2BB00}
	EndGlobalSection
EndGlobal
