
Microsoft Visual Studio Solution File, Format Version 12.00
# Visual Studio Version 16
VisualStudioVersion = 16.0.31112.23
MinimumVisualStudioVersion = 10.0.40219.1
Project("{FAE04EC0-301F-11D3-BF4B-00C04F79EFBC}") = "SongsQueue", "SongsQueue\SongsQueue.csproj", "{A67CA690-F847-4ACC-898F-85B4057A4FA2}"
EndProject
Global
	GlobalSection(SolutionConfigurationPlatforms) = preSolution
		Debug|Any CPU = Debug|Any CPU
		Release|Any CPU = Release|Any CPU
	EndGlobalSection
	GlobalSection(ProjectConfigurationPlatforms) = postSolution
		{A67CA690-F847-4ACC-898F-85B4057A4FA2}.Debug|Any CPU.ActiveCfg = Debug|Any CPU
		{A67CA690-F847-4ACC-898F-85B4057A4FA2}.Debug|Any CPU.Build.0 = Debug|Any CPU
		{A67CA690-F847-4ACC-898F-85B4057A4FA2}.Release|Any CPU.ActiveCfg = Release|Any CPU
		{A67CA690-F847-4ACC-898F-85B4057A4FA2}.Release|Any CPU.Build.0 = Release|Any CPU
	EndGlobalSection
	GlobalSection(SolutionProperties) = preSolution
		HideSolutionNode = FALSE
	EndGlobalSection
	GlobalSection(ExtensibilityGlobals) = postSolution
		SolutionGuid = {0B42CCEB-5D67-4C00-8581-EF49E7B4C84B}
	EndGlobalSection
EndGlobal
