
Microsoft Visual Studio Solution File, Format Version 12.00
# Visual Studio Version 16
VisualStudioVersion = 16.0.30621.155
MinimumVisualStudioVersion = 10.0.40219.1
Project("{FAE04EC0-301F-11D3-BF4B-00C04F79EFBC}") = "ListOperations", "ListOperations\ListOperations.csproj", "{43454C76-1312-4E06-A60B-FD6FF5F291BD}"
EndProject
Global
	GlobalSection(SolutionConfigurationPlatforms) = preSolution
		Debug|Any CPU = Debug|Any CPU
		Release|Any CPU = Release|Any CPU
	EndGlobalSection
	GlobalSection(ProjectConfigurationPlatforms) = postSolution
		{43454C76-1312-4E06-A60B-FD6FF5F291BD}.Debug|Any CPU.ActiveCfg = Debug|Any CPU
		{43454C76-1312-4E06-A60B-FD6FF5F291BD}.Debug|Any CPU.Build.0 = Debug|Any CPU
		{43454C76-1312-4E06-A60B-FD6FF5F291BD}.Release|Any CPU.ActiveCfg = Release|Any CPU
		{43454C76-1312-4E06-A60B-FD6FF5F291BD}.Release|Any CPU.Build.0 = Release|Any CPU
	EndGlobalSection
	GlobalSection(SolutionProperties) = preSolution
		HideSolutionNode = FALSE
	EndGlobalSection
	GlobalSection(ExtensibilityGlobals) = postSolution
		SolutionGuid = {58770E83-1427-44DB-AABC-41731E0A309E}
	EndGlobalSection
EndGlobal
