
Microsoft Visual Studio Solution File, Format Version 12.00
# Visual Studio Version 16
VisualStudioVersion = 16.0.30011.22
MinimumVisualStudioVersion = 10.0.40219.1
Project("{FAE04EC0-301F-11D3-BF4B-00C04F79EFBC}") = "CenterPoint", "CenterPoint\CenterPoint.csproj", "{59D71ACE-CCB9-4420-B564-D08A46074944}"
EndProject
Global
	GlobalSection(SolutionConfigurationPlatforms) = preSolution
		Debug|Any CPU = Debug|Any CPU
		Release|Any CPU = Release|Any CPU
	EndGlobalSection
	GlobalSection(ProjectConfigurationPlatforms) = postSolution
		{59D71ACE-CCB9-4420-B564-D08A46074944}.Debug|Any CPU.ActiveCfg = Debug|Any CPU
		{59D71ACE-CCB9-4420-B564-D08A46074944}.Debug|Any CPU.Build.0 = Debug|Any CPU
		{59D71ACE-CCB9-4420-B564-D08A46074944}.Release|Any CPU.ActiveCfg = Release|Any CPU
		{59D71ACE-CCB9-4420-B564-D08A46074944}.Release|Any CPU.Build.0 = Release|Any CPU
	EndGlobalSection
	GlobalSection(SolutionProperties) = preSolution
		HideSolutionNode = FALSE
	EndGlobalSection
	GlobalSection(ExtensibilityGlobals) = postSolution
		SolutionGuid = {A3238F9C-9C10-45B0-953D-C2D8F20D3C51}
	EndGlobalSection
EndGlobal
