
Microsoft Visual Studio Solution File, Format Version 12.00
# Visual Studio Version 16
VisualStudioVersion = 16.0.31112.23
MinimumVisualStudioVersion = 10.0.40219.1
Project("{FAE04EC0-301F-11D3-BF4B-00C04F79EFBC}") = "JaggedArrayManipulator", "JaggedArrayManipulator\JaggedArrayManipulator.csproj", "{27636CBA-963C-4360-A068-989534B0F1B1}"
EndProject
Global
	GlobalSection(SolutionConfigurationPlatforms) = preSolution
		Debug|Any CPU = Debug|Any CPU
		Release|Any CPU = Release|Any CPU
	EndGlobalSection
	GlobalSection(ProjectConfigurationPlatforms) = postSolution
		{27636CBA-963C-4360-A068-989534B0F1B1}.Debug|Any CPU.ActiveCfg = Debug|Any CPU
		{27636CBA-963C-4360-A068-989534B0F1B1}.Debug|Any CPU.Build.0 = Debug|Any CPU
		{27636CBA-963C-4360-A068-989534B0F1B1}.Release|Any CPU.ActiveCfg = Release|Any CPU
		{27636CBA-963C-4360-A068-989534B0F1B1}.Release|Any CPU.Build.0 = Release|Any CPU
	EndGlobalSection
	GlobalSection(SolutionProperties) = preSolution
		HideSolutionNode = FALSE
	EndGlobalSection
	GlobalSection(ExtensibilityGlobals) = postSolution
		SolutionGuid = {3A6BA044-70D6-4DA4-8A56-DF4E87D19917}
	EndGlobalSection
EndGlobal
