
Microsoft Visual Studio Solution File, Format Version 12.00
# Visual Studio Version 16
VisualStudioVersion = 16.0.30621.155
MinimumVisualStudioVersion = 10.0.40219.1
Project("{FAE04EC0-301F-11D3-BF4B-00C04F79EFBC}") = "Alphabet", "Alphabet\Alphabet.csproj", "{CA5D0151-804B-40B3-A0AD-297BC46C5C72}"
EndProject
Global
	GlobalSection(SolutionConfigurationPlatforms) = preSolution
		Debug|Any CPU = Debug|Any CPU
		Release|Any CPU = Release|Any CPU
	EndGlobalSection
	GlobalSection(ProjectConfigurationPlatforms) = postSolution
		{CA5D0151-804B-40B3-A0AD-297BC46C5C72}.Debug|Any CPU.ActiveCfg = Debug|Any CPU
		{CA5D0151-804B-40B3-A0AD-297BC46C5C72}.Debug|Any CPU.Build.0 = Debug|Any CPU
		{CA5D0151-804B-40B3-A0AD-297BC46C5C72}.Release|Any CPU.ActiveCfg = Release|Any CPU
		{CA5D0151-804B-40B3-A0AD-297BC46C5C72}.Release|Any CPU.Build.0 = Release|Any CPU
	EndGlobalSection
	GlobalSection(SolutionProperties) = preSolution
		HideSolutionNode = FALSE
	EndGlobalSection
	GlobalSection(ExtensibilityGlobals) = postSolution
		SolutionGuid = {25A9C2C0-814C-4F31-B5A6-CB1BCB683A59}
	EndGlobalSection
EndGlobal
