
Microsoft Visual Studio Solution File, Format Version 12.00
# Visual Studio Version 16
VisualStudioVersion = 16.0.29926.136
MinimumVisualStudioVersion = 10.0.40219.1
Project("{FAE04EC0-301F-11D3-BF4B-00C04F79EFBC}") = "LeftandRightSum", "LeftandRightSum\LeftandRightSum.csproj", "{C84E3F0A-46EA-405E-A541-311EE42DFA67}"
EndProject
Global
	GlobalSection(SolutionConfigurationPlatforms) = preSolution
		Debug|Any CPU = Debug|Any CPU
		Release|Any CPU = Release|Any CPU
	EndGlobalSection
	GlobalSection(ProjectConfigurationPlatforms) = postSolution
		{C84E3F0A-46EA-405E-A541-311EE42DFA67}.Debug|Any CPU.ActiveCfg = Debug|Any CPU
		{C84E3F0A-46EA-405E-A541-311EE42DFA67}.Debug|Any CPU.Build.0 = Debug|Any CPU
		{C84E3F0A-46EA-405E-A541-311EE42DFA67}.Release|Any CPU.ActiveCfg = Release|Any CPU
		{C84E3F0A-46EA-405E-A541-311EE42DFA67}.Release|Any CPU.Build.0 = Release|Any CPU
	EndGlobalSection
	GlobalSection(SolutionProperties) = preSolution
		HideSolutionNode = FALSE
	EndGlobalSection
	GlobalSection(ExtensibilityGlobals) = postSolution
		SolutionGuid = {E9F5FD70-E0C1-4433-804C-37C7AE543D06}
	EndGlobalSection
EndGlobal
