
Microsoft Visual Studio Solution File, Format Version 12.00
# Visual Studio Version 16
VisualStudioVersion = 16.0.31112.23
MinimumVisualStudioVersion = 10.0.40219.1
Project("{FAE04EC0-301F-11D3-BF4B-00C04F79EFBC}") = "NewBuilding", "NewBuilding\NewBuilding.csproj", "{162BCE8A-7419-4FE6-B6A8-D05E3D578D75}"
EndProject
Global
	GlobalSection(SolutionConfigurationPlatforms) = preSolution
		Debug|Any CPU = Debug|Any CPU
		Release|Any CPU = Release|Any CPU
	EndGlobalSection
	GlobalSection(ProjectConfigurationPlatforms) = postSolution
		{162BCE8A-7419-4FE6-B6A8-D05E3D578D75}.Debug|Any CPU.ActiveCfg = Debug|Any CPU
		{162BCE8A-7419-4FE6-B6A8-D05E3D578D75}.Debug|Any CPU.Build.0 = Debug|Any CPU
		{162BCE8A-7419-4FE6-B6A8-D05E3D578D75}.Release|Any CPU.ActiveCfg = Release|Any CPU
		{162BCE8A-7419-4FE6-B6A8-D05E3D578D75}.Release|Any CPU.Build.0 = Release|Any CPU
	EndGlobalSection
	GlobalSection(SolutionProperties) = preSolution
		HideSolutionNode = FALSE
	EndGlobalSection
	GlobalSection(ExtensibilityGlobals) = postSolution
		SolutionGuid = {F1021A19-C838-473E-B6BF-729421286806}
	EndGlobalSection
EndGlobal
