
Microsoft Visual Studio Solution File, Format Version 12.00
# Visual Studio Version 16
VisualStudioVersion = 16.0.30011.22
MinimumVisualStudioVersion = 10.0.40219.1
Project("{FAE04EC0-301F-11D3-BF4B-00C04F79EFBC}") = "MagicNumbers", "MagicNumbers\MagicNumbers.csproj", "{EF7CE85D-81A9-438D-AA72-351146CDF2EE}"
EndProject
Global
	GlobalSection(SolutionConfigurationPlatforms) = preSolution
		Debug|Any CPU = Debug|Any CPU
		Release|Any CPU = Release|Any CPU
	EndGlobalSection
	GlobalSection(ProjectConfigurationPlatforms) = postSolution
		{EF7CE85D-81A9-438D-AA72-351146CDF2EE}.Debug|Any CPU.ActiveCfg = Debug|Any CPU
		{EF7CE85D-81A9-438D-AA72-351146CDF2EE}.Debug|Any CPU.Build.0 = Debug|Any CPU
		{EF7CE85D-81A9-438D-AA72-351146CDF2EE}.Release|Any CPU.ActiveCfg = Release|Any CPU
		{EF7CE85D-81A9-438D-AA72-351146CDF2EE}.Release|Any CPU.Build.0 = Release|Any CPU
	EndGlobalSection
	GlobalSection(SolutionProperties) = preSolution
		HideSolutionNode = FALSE
	EndGlobalSection
	GlobalSection(ExtensibilityGlobals) = postSolution
		SolutionGuid = {2C81D59C-AF4C-4A93-B1AF-4CF4577047D2}
	EndGlobalSection
EndGlobal
