
Microsoft Visual Studio Solution File, Format Version 12.00
# Visual Studio Version 16
VisualStudioVersion = 16.0.30011.22
MinimumVisualStudioVersion = 10.0.40219.1
Project("{FAE04EC0-301F-11D3-BF4B-00C04F79EFBC}") = "NumberTable", "NumberTable\NumberTable.csproj", "{E7FB9172-7AD1-4D06-978C-2C7BBDDEC2F1}"
EndProject
Global
	GlobalSection(SolutionConfigurationPlatforms) = preSolution
		Debug|Any CPU = Debug|Any CPU
		Release|Any CPU = Release|Any CPU
	EndGlobalSection
	GlobalSection(ProjectConfigurationPlatforms) = postSolution
		{E7FB9172-7AD1-4D06-978C-2C7BBDDEC2F1}.Debug|Any CPU.ActiveCfg = Debug|Any CPU
		{E7FB9172-7AD1-4D06-978C-2C7BBDDEC2F1}.Debug|Any CPU.Build.0 = Debug|Any CPU
		{E7FB9172-7AD1-4D06-978C-2C7BBDDEC2F1}.Release|Any CPU.ActiveCfg = Release|Any CPU
		{E7FB9172-7AD1-4D06-978C-2C7BBDDEC2F1}.Release|Any CPU.Build.0 = Release|Any CPU
	EndGlobalSection
	GlobalSection(SolutionProperties) = preSolution
		HideSolutionNode = FALSE
	EndGlobalSection
	GlobalSection(ExtensibilityGlobals) = postSolution
		SolutionGuid = {6F5A9F5B-B101-4526-9BAD-67AC18783BEB}
	EndGlobalSection
EndGlobal
