
Microsoft Visual Studio Solution File, Format Version 12.00
# Visual Studio Version 16
VisualStudioVersion = 16.0.31005.135
MinimumVisualStudioVersion = 10.0.40219.1
Project("{FAE04EC0-301F-11D3-BF4B-00C04F79EFBC}") = "MatchPhoneNumber", "MatchPhoneNumber\MatchPhoneNumber.csproj", "{1ED6B613-5DA6-4546-894C-6863AE66324F}"
EndProject
Global
	GlobalSection(SolutionConfigurationPlatforms) = preSolution
		Debug|Any CPU = Debug|Any CPU
		Release|Any CPU = Release|Any CPU
	EndGlobalSection
	GlobalSection(ProjectConfigurationPlatforms) = postSolution
		{1ED6B613-5DA6-4546-894C-6863AE66324F}.Debug|Any CPU.ActiveCfg = Debug|Any CPU
		{1ED6B613-5DA6-4546-894C-6863AE66324F}.Debug|Any CPU.Build.0 = Debug|Any CPU
		{1ED6B613-5DA6-4546-894C-6863AE66324F}.Release|Any CPU.ActiveCfg = Release|Any CPU
		{1ED6B613-5DA6-4546-894C-6863AE66324F}.Release|Any CPU.Build.0 = Release|Any CPU
	EndGlobalSection
	GlobalSection(SolutionProperties) = preSolution
		HideSolutionNode = FALSE
	EndGlobalSection
	GlobalSection(ExtensibilityGlobals) = postSolution
		SolutionGuid = {2C42B720-7C56-436D-9271-82DD49335747}
	EndGlobalSection
EndGlobal
