
Microsoft Visual Studio Solution File, Format Version 12.00
# Visual Studio Version 16
VisualStudioVersion = 16.0.31112.23
MinimumVisualStudioVersion = 10.0.40219.1
Project("{FAE04EC0-301F-11D3-BF4B-00C04F79EFBC}") = "EasterBonuses", "EasterBonuses\EasterBonuses.csproj", "{0E6497AB-76FE-413A-9128-0361F65E971D}"
EndProject
Global
	GlobalSection(SolutionConfigurationPlatforms) = preSolution
		Debug|Any CPU = Debug|Any CPU
		Release|Any CPU = Release|Any CPU
	EndGlobalSection
	GlobalSection(ProjectConfigurationPlatforms) = postSolution
		{0E6497AB-76FE-413A-9128-0361F65E971D}.Debug|Any CPU.ActiveCfg = Debug|Any CPU
		{0E6497AB-76FE-413A-9128-0361F65E971D}.Debug|Any CPU.Build.0 = Debug|Any CPU
		{0E6497AB-76FE-413A-9128-0361F65E971D}.Release|Any CPU.ActiveCfg = Release|Any CPU
		{0E6497AB-76FE-413A-9128-0361F65E971D}.Release|Any CPU.Build.0 = Release|Any CPU
	EndGlobalSection
	GlobalSection(SolutionProperties) = preSolution
		HideSolutionNode = FALSE
	EndGlobalSection
	GlobalSection(ExtensibilityGlobals) = postSolution
		SolutionGuid = {7A8BB492-3798-4DA7-A467-1E84317A08BD}
	EndGlobalSection
EndGlobal
