
Microsoft Visual Studio Solution File, Format Version 12.00
# Visual Studio Version 16
VisualStudioVersion = 16.0.30011.22
MinimumVisualStudioVersion = 10.0.40219.1
Project("{FAE04EC0-301F-11D3-BF4B-00C04F79EFBC}") = "HoneyHarvest", "HoneyHarvest\HoneyHarvest.csproj", "{EF87BDA5-DEAA-46BE-8541-A6DF27E459C0}"
EndProject
Global
	GlobalSection(SolutionConfigurationPlatforms) = preSolution
		Debug|Any CPU = Debug|Any CPU
		Release|Any CPU = Release|Any CPU
	EndGlobalSection
	GlobalSection(ProjectConfigurationPlatforms) = postSolution
		{EF87BDA5-DEAA-46BE-8541-A6DF27E459C0}.Debug|Any CPU.ActiveCfg = Debug|Any CPU
		{EF87BDA5-DEAA-46BE-8541-A6DF27E459C0}.Debug|Any CPU.Build.0 = Debug|Any CPU
		{EF87BDA5-DEAA-46BE-8541-A6DF27E459C0}.Release|Any CPU.ActiveCfg = Release|Any CPU
		{EF87BDA5-DEAA-46BE-8541-A6DF27E459C0}.Release|Any CPU.Build.0 = Release|Any CPU
	EndGlobalSection
	GlobalSection(SolutionProperties) = preSolution
		HideSolutionNode = FALSE
	EndGlobalSection
	GlobalSection(ExtensibilityGlobals) = postSolution
		SolutionGuid = {65BFCE8F-71A5-4D55-87FD-FC06BF246723}
	EndGlobalSection
EndGlobal
