
Microsoft Visual Studio Solution File, Format Version 12.00
# Visual Studio Version 17
VisualStudioVersion = 17.1.32228.430
MinimumVisualStudioVersion = 10.0.40219.1
Project("{FAE04EC0-301F-11D3-BF4B-00C04F79EFBC}") = "ASP.NET-MVC-Introduction-Lab", "ASP.NET-MVC-Introduction-Lab\ASP.NET-MVC-Introduction-Lab.csproj", "{76B2B3BC-FA93-455F-A40B-A79FAC46D2CF}"
EndProject
Global
	GlobalSection(SolutionConfigurationPlatforms) = preSolution
		Debug|Any CPU = Debug|Any CPU
		Release|Any CPU = Release|Any CPU
	EndGlobalSection
	GlobalSection(ProjectConfigurationPlatforms) = postSolution
		{76B2B3BC-FA93-455F-A40B-A79FAC46D2CF}.Debug|Any CPU.ActiveCfg = Debug|Any CPU
		{76B2B3BC-FA93-455F-A40B-A79FAC46D2CF}.Debug|Any CPU.Build.0 = Debug|Any CPU
		{76B2B3BC-FA93-455F-A40B-A79FAC46D2CF}.Release|Any CPU.ActiveCfg = Release|Any CPU
		{76B2B3BC-FA93-455F-A40B-A79FAC46D2CF}.Release|Any CPU.Build.0 = Release|Any CPU
	EndGlobalSection
	GlobalSection(SolutionProperties) = preSolution
		HideSolutionNode = FALSE
	EndGlobalSection
	GlobalSection(ExtensibilityGlobals) = postSolution
		SolutionGuid = {0D11FEBC-D61C-4D33-B756-1B2D38479B45}
	EndGlobalSection
EndGlobal
