
Microsoft Visual Studio Solution File, Format Version 12.00
# Visual Studio Version 16
VisualStudioVersion = 16.0.31005.135
MinimumVisualStudioVersion = 10.0.40219.1
Project("{FAE04EC0-301F-11D3-BF4B-00C04F79EFBC}") = "RepeatString", "RepeatString\RepeatString.csproj", "{FCC7276B-705A-487A-8541-81D8D48F4CFE}"
EndProject
Global
	GlobalSection(SolutionConfigurationPlatforms) = preSolution
		Debug|Any CPU = Debug|Any CPU
		Release|Any CPU = Release|Any CPU
	EndGlobalSection
	GlobalSection(ProjectConfigurationPlatforms) = postSolution
		{FCC7276B-705A-487A-8541-81D8D48F4CFE}.Debug|Any CPU.ActiveCfg = Debug|Any CPU
		{FCC7276B-705A-487A-8541-81D8D48F4CFE}.Debug|Any CPU.Build.0 = Debug|Any CPU
		{FCC7276B-705A-487A-8541-81D8D48F4CFE}.Release|Any CPU.ActiveCfg = Release|Any CPU
		{FCC7276B-705A-487A-8541-81D8D48F4CFE}.Release|Any CPU.Build.0 = Release|Any CPU
	EndGlobalSection
	GlobalSection(SolutionProperties) = preSolution
		HideSolutionNode = FALSE
	EndGlobalSection
	GlobalSection(ExtensibilityGlobals) = postSolution
		SolutionGuid = {313D6ACA-36F1-4490-A4F6-C70F5023E9D8}
	EndGlobalSection
EndGlobal
