
Microsoft Visual Studio Solution File, Format Version 12.00
# Visual Studio Version 16
VisualStudioVersion = 16.0.30621.155
MinimumVisualStudioVersion = 10.0.40219.1
Project("{FAE04EC0-301F-11D3-BF4B-00C04F79EFBC}") = "DaysOfTheWeek", "DaysOfTheWeek\DaysOfTheWeek.csproj", "{5D4EC5DA-C952-41BF-8F6A-82A0754F0E2B}"
EndProject
Global
	GlobalSection(SolutionConfigurationPlatforms) = preSolution
		Debug|Any CPU = Debug|Any CPU
		Release|Any CPU = Release|Any CPU
	EndGlobalSection
	GlobalSection(ProjectConfigurationPlatforms) = postSolution
		{5D4EC5DA-C952-41BF-8F6A-82A0754F0E2B}.Debug|Any CPU.ActiveCfg = Debug|Any CPU
		{5D4EC5DA-C952-41BF-8F6A-82A0754F0E2B}.Debug|Any CPU.Build.0 = Debug|Any CPU
		{5D4EC5DA-C952-41BF-8F6A-82A0754F0E2B}.Release|Any CPU.ActiveCfg = Release|Any CPU
		{5D4EC5DA-C952-41BF-8F6A-82A0754F0E2B}.Release|Any CPU.Build.0 = Release|Any CPU
	EndGlobalSection
	GlobalSection(SolutionProperties) = preSolution
		HideSolutionNode = FALSE
	EndGlobalSection
	GlobalSection(ExtensibilityGlobals) = postSolution
		SolutionGuid = {316C0BD2-9FB2-44ED-B7B2-16C95DDBB7AC}
	EndGlobalSection
EndGlobal
