
Microsoft Visual Studio Solution File, Format Version 12.00
# Visual Studio Version 16
VisualStudioVersion = 16.0.30621.155
MinimumVisualStudioVersion = 10.0.40219.1
Project("{FAE04EC0-301F-11D3-BF4B-00C04F79EFBC}") = "CocatNames", "CocatNames\CocatNames.csproj", "{1F39598D-3B10-4109-9CCB-22559D709765}"
EndProject
Global
	GlobalSection(SolutionConfigurationPlatforms) = preSolution
		Debug|Any CPU = Debug|Any CPU
		Release|Any CPU = Release|Any CPU
	EndGlobalSection
	GlobalSection(ProjectConfigurationPlatforms) = postSolution
		{1F39598D-3B10-4109-9CCB-22559D709765}.Debug|Any CPU.ActiveCfg = Debug|Any CPU
		{1F39598D-3B10-4109-9CCB-22559D709765}.Debug|Any CPU.Build.0 = Debug|Any CPU
		{1F39598D-3B10-4109-9CCB-22559D709765}.Release|Any CPU.ActiveCfg = Release|Any CPU
		{1F39598D-3B10-4109-9CCB-22559D709765}.Release|Any CPU.Build.0 = Release|Any CPU
	EndGlobalSection
	GlobalSection(SolutionProperties) = preSolution
		HideSolutionNode = FALSE
	EndGlobalSection
	GlobalSection(ExtensibilityGlobals) = postSolution
		SolutionGuid = {886063D9-9375-4CCF-8F8B-77AEC1EF2F1D}
	EndGlobalSection
EndGlobal
