
Microsoft Visual Studio Solution File, Format Version 12.00
# Visual Studio Version 16
VisualStudioVersion = 16.0.30011.22
MinimumVisualStudioVersion = 10.0.40219.1
Project("{FAE04EC0-301F-11D3-BF4B-00C04F79EFBC}") = "Combinations", "Combinations\Combinations.csproj", "{0008C464-DEF1-49F5-B722-C18C65E8EA7A}"
EndProject
Global
	GlobalSection(SolutionConfigurationPlatforms) = preSolution
		Debug|Any CPU = Debug|Any CPU
		Release|Any CPU = Release|Any CPU
	EndGlobalSection
	GlobalSection(ProjectConfigurationPlatforms) = postSolution
		{0008C464-DEF1-49F5-B722-C18C65E8EA7A}.Debug|Any CPU.ActiveCfg = Debug|Any CPU
		{0008C464-DEF1-49F5-B722-C18C65E8EA7A}.Debug|Any CPU.Build.0 = Debug|Any CPU
		{0008C464-DEF1-49F5-B722-C18C65E8EA7A}.Release|Any CPU.ActiveCfg = Release|Any CPU
		{0008C464-DEF1-49F5-B722-C18C65E8EA7A}.Release|Any CPU.Build.0 = Release|Any CPU
	EndGlobalSection
	GlobalSection(SolutionProperties) = preSolution
		HideSolutionNode = FALSE
	EndGlobalSection
	GlobalSection(ExtensibilityGlobals) = postSolution
		SolutionGuid = {C5597863-243D-4EBF-A441-5E7F93041934}
	EndGlobalSection
EndGlobal
