
Microsoft Visual Studio Solution File, Format Version 12.00
# Visual Studio Version 16
VisualStudioVersion = 16.0.31112.23
MinimumVisualStudioVersion = 10.0.40219.1
Project("{FAE04EC0-301F-11D3-BF4B-00C04F79EFBC}") = "PeriodicTable", "PeriodicTable\PeriodicTable.csproj", "{B2D5D66F-2DB6-42FF-BDB1-0E61D555A6B1}"
EndProject
Global
	GlobalSection(SolutionConfigurationPlatforms) = preSolution
		Debug|Any CPU = Debug|Any CPU
		Release|Any CPU = Release|Any CPU
	EndGlobalSection
	GlobalSection(ProjectConfigurationPlatforms) = postSolution
		{B2D5D66F-2DB6-42FF-BDB1-0E61D555A6B1}.Debug|Any CPU.ActiveCfg = Debug|Any CPU
		{B2D5D66F-2DB6-42FF-BDB1-0E61D555A6B1}.Debug|Any CPU.Build.0 = Debug|Any CPU
		{B2D5D66F-2DB6-42FF-BDB1-0E61D555A6B1}.Release|Any CPU.ActiveCfg = Release|Any CPU
		{B2D5D66F-2DB6-42FF-BDB1-0E61D555A6B1}.Release|Any CPU.Build.0 = Release|Any CPU
	EndGlobalSection
	GlobalSection(SolutionProperties) = preSolution
		HideSolutionNode = FALSE
	EndGlobalSection
	GlobalSection(ExtensibilityGlobals) = postSolution
		SolutionGuid = {009AF4C3-6381-45AE-ADF2-6A2FDC50119C}
	EndGlobalSection
EndGlobal
