
Microsoft Visual Studio Solution File, Format Version 12.00
# Visual Studio Version 16
VisualStudioVersion = 16.0.30011.22
MinimumVisualStudioVersion = 10.0.40219.1
Project("{FAE04EC0-301F-11D3-BF4B-00C04F79EFBC}") = "GameNumberWars", "GameNumberWars\GameNumberWars.csproj", "{BD169C09-4AE0-4239-B9AB-831EFF5AA6D3}"
EndProject
Global
	GlobalSection(SolutionConfigurationPlatforms) = preSolution
		Debug|Any CPU = Debug|Any CPU
		Release|Any CPU = Release|Any CPU
	EndGlobalSection
	GlobalSection(ProjectConfigurationPlatforms) = postSolution
		{BD169C09-4AE0-4239-B9AB-831EFF5AA6D3}.Debug|Any CPU.ActiveCfg = Debug|Any CPU
		{BD169C09-4AE0-4239-B9AB-831EFF5AA6D3}.Debug|Any CPU.Build.0 = Debug|Any CPU
		{BD169C09-4AE0-4239-B9AB-831EFF5AA6D3}.Release|Any CPU.ActiveCfg = Release|Any CPU
		{BD169C09-4AE0-4239-B9AB-831EFF5AA6D3}.Release|Any CPU.Build.0 = Release|Any CPU
	EndGlobalSection
	GlobalSection(SolutionProperties) = preSolution
		HideSolutionNode = FALSE
	EndGlobalSection
	GlobalSection(ExtensibilityGlobals) = postSolution
		SolutionGuid = {0EAB6572-CCA2-4AFB-83D0-15F9C379A971}
	EndGlobalSection
EndGlobal
