
Microsoft Visual Studio Solution File, Format Version 12.00
# Visual Studio Version 16
VisualStudioVersion = 16.0.30621.155
MinimumVisualStudioVersion = 10.0.40219.1
Project("{FAE04EC0-301F-11D3-BF4B-00C04F79EFBC}") = "MergeLists", "MergeLists\MergeLists.csproj", "{8C40A6B8-9FA3-4F4E-9D49-B6B13649E955}"
EndProject
Global
	GlobalSection(SolutionConfigurationPlatforms) = preSolution
		Debug|Any CPU = Debug|Any CPU
		Release|Any CPU = Release|Any CPU
	EndGlobalSection
	GlobalSection(ProjectConfigurationPlatforms) = postSolution
		{8C40A6B8-9FA3-4F4E-9D49-B6B13649E955}.Debug|Any CPU.ActiveCfg = Debug|Any CPU
		{8C40A6B8-9FA3-4F4E-9D49-B6B13649E955}.Debug|Any CPU.Build.0 = Debug|Any CPU
		{8C40A6B8-9FA3-4F4E-9D49-B6B13649E955}.Release|Any CPU.ActiveCfg = Release|Any CPU
		{8C40A6B8-9FA3-4F4E-9D49-B6B13649E955}.Release|Any CPU.Build.0 = Release|Any CPU
	EndGlobalSection
	GlobalSection(SolutionProperties) = preSolution
		HideSolutionNode = FALSE
	EndGlobalSection
	GlobalSection(ExtensibilityGlobals) = postSolution
		SolutionGuid = {8B5CA0E2-BA82-4D77-8451-3682686614C6}
	EndGlobalSection
EndGlobal
