
Microsoft Visual Studio Solution File, Format Version 12.00
# Visual Studio Version 16
VisualStudioVersion = 16.0.30621.155
MinimumVisualStudioVersion = 10.0.40219.1
Project("{FAE04EC0-301F-11D3-BF4B-00C04F79EFBC}") = "Gauss's Trick", "Gauss's Trick\Gauss's Trick.csproj", "{7D350662-0833-4DE1-8A55-EE72011E887D}"
EndProject
Global
	GlobalSection(SolutionConfigurationPlatforms) = preSolution
		Debug|Any CPU = Debug|Any CPU
		Release|Any CPU = Release|Any CPU
	EndGlobalSection
	GlobalSection(ProjectConfigurationPlatforms) = postSolution
		{7D350662-0833-4DE1-8A55-EE72011E887D}.Debug|Any CPU.ActiveCfg = Debug|Any CPU
		{7D350662-0833-4DE1-8A55-EE72011E887D}.Debug|Any CPU.Build.0 = Debug|Any CPU
		{7D350662-0833-4DE1-8A55-EE72011E887D}.Release|Any CPU.ActiveCfg = Release|Any CPU
		{7D350662-0833-4DE1-8A55-EE72011E887D}.Release|Any CPU.Build.0 = Release|Any CPU
	EndGlobalSection
	GlobalSection(SolutionProperties) = preSolution
		HideSolutionNode = FALSE
	EndGlobalSection
	GlobalSection(ExtensibilityGlobals) = postSolution
		SolutionGuid = {8CE68393-4C56-4314-B2A9-9ED68C1AC55C}
	EndGlobalSection
EndGlobal
