
Microsoft Visual Studio Solution File, Format Version 12.00
# Visual Studio Version 17
VisualStudioVersion = 17.0.31919.166
MinimumVisualStudioVersion = 10.0.40219.1
Project("{FAE04EC0-301F-11D3-BF4B-00C04F79EFBC}") = "Programer's_Distillery", "Programer's_Distillery\Programer's_Distillery.csproj", "{234C4C44-CC1E-4E21-A37D-16EFAAE54136}"
EndProject
Global
	GlobalSection(SolutionConfigurationPlatforms) = preSolution
		Debug|Any CPU = Debug|Any CPU
		Release|Any CPU = Release|Any CPU
	EndGlobalSection
	GlobalSection(ProjectConfigurationPlatforms) = postSolution
		{234C4C44-CC1E-4E21-A37D-16EFAAE54136}.Debug|Any CPU.ActiveCfg = Debug|Any CPU
		{234C4C44-CC1E-4E21-A37D-16EFAAE54136}.Debug|Any CPU.Build.0 = Debug|Any CPU
		{234C4C44-CC1E-4E21-A37D-16EFAAE54136}.Release|Any CPU.ActiveCfg = Release|Any CPU
		{234C4C44-CC1E-4E21-A37D-16EFAAE54136}.Release|Any CPU.Build.0 = Release|Any CPU
	EndGlobalSection
	GlobalSection(SolutionProperties) = preSolution
		HideSolutionNode = FALSE
	EndGlobalSection
	GlobalSection(ExtensibilityGlobals) = postSolution
		SolutionGuid = {134782C2-659A-44F2-A603-28BD44560BE7}
	EndGlobalSection
EndGlobal
