
Microsoft Visual Studio Solution File, Format Version 12.00
# Visual Studio Version 16
VisualStudioVersion = 16.0.30621.155
MinimumVisualStudioVersion = 10.0.40219.1
Project("{FAE04EC0-301F-11D3-BF4B-00C04F79EFBC}") = "SumEvenNumbers", "SumEvenNumbers\SumEvenNumbers.csproj", "{F90079B0-E1D2-4B6A-BDA5-AA72793E0B21}"
EndProject
Global
	GlobalSection(SolutionConfigurationPlatforms) = preSolution
		Debug|Any CPU = Debug|Any CPU
		Release|Any CPU = Release|Any CPU
	EndGlobalSection
	GlobalSection(ProjectConfigurationPlatforms) = postSolution
		{F90079B0-E1D2-4B6A-BDA5-AA72793E0B21}.Debug|Any CPU.ActiveCfg = Debug|Any CPU
		{F90079B0-E1D2-4B6A-BDA5-AA72793E0B21}.Debug|Any CPU.Build.0 = Debug|Any CPU
		{F90079B0-E1D2-4B6A-BDA5-AA72793E0B21}.Release|Any CPU.ActiveCfg = Release|Any CPU
		{F90079B0-E1D2-4B6A-BDA5-AA72793E0B21}.Release|Any CPU.Build.0 = Release|Any CPU
	EndGlobalSection
	GlobalSection(SolutionProperties) = preSolution
		HideSolutionNode = FALSE
	EndGlobalSection
	GlobalSection(ExtensibilityGlobals) = postSolution
		SolutionGuid = {26639234-B804-444D-8F81-FDD80817FD54}
	EndGlobalSection
EndGlobal
