
Microsoft Visual Studio Solution File, Format Version 12.00
# Visual Studio Version 17
VisualStudioVersion = 17.2.32616.157
MinimumVisualStudioVersion = 10.0.40219.1
Project("{FAE04EC0-301F-11D3-BF4B-00C04F79EFBC}") = "EvenLines", "EvenLines\EvenLines.csproj", "{FD69DF27-C92C-4931-8AAD-F2BC8C687432}"
EndProject
Project("{FAE04EC0-301F-11D3-BF4B-00C04F79EFBC}") = "LineNumbers", "LineNumbers\LineNumbers.csproj", "{9864C61A-FC47-4050-8693-67F872A5A7CE}"
EndProject
Global
	GlobalSection(SolutionConfigurationPlatforms) = preSolution
		Debug|Any CPU = Debug|Any CPU
		Release|Any CPU = Release|Any CPU
	EndGlobalSection
	GlobalSection(ProjectConfigurationPlatforms) = postSolution
		{FD69DF27-C92C-4931-8AAD-F2BC8C687432}.Debug|Any CPU.ActiveCfg = Debug|Any CPU
		{FD69DF27-C92C-4931-8AAD-F2BC8C687432}.Debug|Any CPU.Build.0 = Debug|Any CPU
		{FD69DF27-C92C-4931-8AAD-F2BC8C687432}.Release|Any CPU.ActiveCfg = Release|Any CPU
		{FD69DF27-C92C-4931-8AAD-F2BC8C687432}.Release|Any CPU.Build.0 = Release|Any CPU
		{9864C61A-FC47-4050-8693-67F872A5A7CE}.Debug|Any CPU.ActiveCfg = Debug|Any CPU
		{9864C61A-FC47-4050-8693-67F872A5A7CE}.Debug|Any CPU.Build.0 = Debug|Any CPU
		{9864C61A-FC47-4050-8693-67F872A5A7CE}.Release|Any CPU.ActiveCfg = Release|Any CPU
		{9864C61A-FC47-4050-8693-67F872A5A7CE}.Release|Any CPU.Build.0 = Release|Any CPU
	EndGlobalSection
	GlobalSection(SolutionProperties) = preSolution
		HideSolutionNode = FALSE
	EndGlobalSection
	GlobalSection(ExtensibilityGlobals) = postSolution
		SolutionGuid = {D8ADE677-D485-49A9-AB86-6C5AC095409A}
	EndGlobalSection
EndGlobal
