
Microsoft Visual Studio Solution File, Format Version 12.00
# Visual Studio Version 16
VisualStudioVersion = 16.0.30804.86
MinimumVisualStudioVersion = 10.0.40219.1
Project("{FAE04EC0-301F-11D3-BF4B-00C04F79EFBC}") = "Sum", "Sum\Sum.csproj", "{B8E760BD-3FC2-46CD-B9DF-097BE52CC4D6}"
EndProject
Global
	GlobalSection(SolutionConfigurationPlatforms) = preSolution
		Debug|Any CPU = Debug|Any CPU
		Release|Any CPU = Release|Any CPU
	EndGlobalSection
	GlobalSection(ProjectConfigurationPlatforms) = postSolution
		{B8E760BD-3FC2-46CD-B9DF-097BE52CC4D6}.Debug|Any CPU.ActiveCfg = Debug|Any CPU
		{B8E760BD-3FC2-46CD-B9DF-097BE52CC4D6}.Debug|Any CPU.Build.0 = Debug|Any CPU
		{B8E760BD-3FC2-46CD-B9DF-097BE52CC4D6}.Release|Any CPU.ActiveCfg = Release|Any CPU
		{B8E760BD-3FC2-46CD-B9DF-097BE52CC4D6}.Release|Any CPU.Build.0 = Release|Any CPU
	EndGlobalSection
	GlobalSection(SolutionProperties) = preSolution
		HideSolutionNode = FALSE
	EndGlobalSection
	GlobalSection(ExtensibilityGlobals) = postSolution
		SolutionGuid = {A841F3DA-3EA3-4B51-AA0F-25B5431F5DAB}
	EndGlobalSection
EndGlobal
