
Microsoft Visual Studio Solution File, Format Version 12.00
# Visual Studio Version 17
VisualStudioVersion = 17.5.33530.505
MinimumVisualStudioVersion = 10.0.40219.1
Project("{9A19103F-16F7-4668-BE54-9A1E7A4F7556}") = "ActionPoint", "ActionPoint\ActionPoint.csproj", "{6DB1E6BB-716E-4B60-99E9-1AB6134F1C3E}"
EndProject
Project("{9A19103F-16F7-4668-BE54-9A1E7A4F7556}") = "KnightsOfHonor", "KnightsOfHonor\KnightsOfHonor.csproj", "{086797EA-6C0B-4361-9035-456D9348F5D2}"
EndProject
Project("{9A19103F-16F7-4668-BE54-9A1E7A4F7556}") = "CustomMinFunction", "CustomMinFunction\CustomMinFunction.csproj", "{45D5B68F-ABD9-462D-A785-480B75C146F6}"
EndProject
Project("{9A19103F-16F7-4668-BE54-9A1E7A4F7556}") = "FindEvensOrOdds", "FindEvensOrOdds\FindEvensOrOdds.csproj", "{9BB8FE6A-63F7-4A47-BAE0-EF2B3DB3DB82}"
EndProject
Project("{9A19103F-16F7-4668-BE54-9A1E7A4F7556}") = "ReverseAndExclude", "ReverseAndExclude\ReverseAndExclude.csproj", "{7E220F4A-D03D-4E9B-B590-A876CDBD893C}"
EndProject
Project("{FAE04EC0-301F-11D3-BF4B-00C04F79EFBC}") = "PredicateForNames", "PredicateForNames\PredicateForNames.csproj", "{2626DD4B-CECA-4960-BDE5-9238935DBF95}"
EndProject
Project("{FAE04EC0-301F-11D3-BF4B-00C04F79EFBC}") = "CustomComparator", "CustomComparator\CustomComparator.csproj", "{62A20EDF-834B-4769-8BF1-FCA6C2E25EB0}"
EndProject
Project("{FAE04EC0-301F-11D3-BF4B-00C04F79EFBC}") = "ListOfPredicates", "ListOfPredicates\ListOfPredicates.csproj", "{57B236B9-7419-4CC5-9448-E5117939D888}"
EndProject
Project("{FAE04EC0-301F-11D3-BF4B-00C04F79EFBC}") = "EventCalculator", "EventCalculator\EventCalculator.csproj", "{FB9C02B8-8F59-443C-AF25-7B68A316B0C3}"
EndProject
Global
	GlobalSection(SolutionConfigurationPlatforms) = preSolution
		Debug|Any CPU = Debug|Any CPU
		Release|Any CPU = Release|Any CPU
	EndGlobalSection
	GlobalSection(ProjectConfigurationPlatforms) = postSolution
		{6DB1E6BB-716E-4B60-99E9-1AB6134F1C3E}.Debug|Any CPU.ActiveCfg = Debug|Any CPU
		{6DB1E6BB-716E-4B60-99E9-1AB6134F1C3E}.Debug|Any CPU.Build.0 = Debug|Any CPU
		{6DB1E6BB-716E-4B60-99E9-1AB6134F1C3E}.Release|Any CPU.ActiveCfg = Release|Any CPU
		{6DB1E6BB-716E-4B60-99E9-1AB6134F1C3E}.Release|Any CPU.Build.0 = Release|Any CPU
		{086797EA-6C0B-4361-9035-456D9348F5D2}.Debug|Any CPU.ActiveCfg = Debug|Any CPU
		{086797EA-6C0B-4361-9035-456D9348F5D2}.Debug|Any CPU.Build.0 = Debug|Any CPU
		{086797EA-6C0B-4361-9035-456D9348F5D2}.Release|Any CPU.ActiveCfg = Release|Any CPU
		{086797EA-6C0B-4361-9035-456D9348F5D2}.Release|Any CPU.Build.0 = Release|Any CPU
		{45D5B68F-ABD9-462D-A785-480B75C146F6}.Debug|Any CPU.ActiveCfg = Debug|Any CPU
		{45D5B68F-ABD9-462D-A785-480B75C146F6}.Debug|Any CPU.Build.0 = Debug|Any CPU
		{45D5B68F-ABD9-462D-A785-480B75C146F6}.Release|Any CPU.ActiveCfg = Release|Any CPU
		{45D5B68F-ABD9-462D-A785-480B75C146F6}.Release|Any CPU.Build.0 = Release|Any CPU
		{9BB8FE6A-63F7-4A47-BAE0-EF2B3DB3DB82}.Debug|Any CPU.ActiveCfg = Debug|Any CPU
		{9BB8FE6A-63F7-4A47-BAE0-EF2B3DB3DB82}.Debug|Any CPU.Build.0 = Debug|Any CPU
		{9BB8FE6A-63F7-4A47-BAE0-EF2B3DB3DB82}.Release|Any CPU.ActiveCfg = Release|Any CPU
		{9BB8FE6A-63F7-4A47-BAE0-EF2B3DB3DB82}.Release|Any CPU.Build.0 = Release|Any CPU
		{7E220F4A-D03D-4E9B-B590-A876CDBD893C}.Debug|Any CPU.ActiveCfg = Debug|Any CPU
		{7E220F4A-D03D-4E9B-B590-A876CDBD893C}.Debug|Any CPU.Build.0 = Debug|Any CPU
		{7E220F4A-D03D-4E9B-B590-A876CDBD893C}.Release|Any CPU.ActiveCfg = Release|Any CPU
		{7E220F4A-D03D-4E9B-B590-A876CDBD893C}.Release|Any CPU.Build.0 = Release|Any CPU
		{2626DD4B-CECA-4960-BDE5-9238935DBF95}.Debug|Any CPU.ActiveCfg = Debug|Any CPU
		{2626DD4B-CECA-4960-BDE5-9238935DBF95}.Debug|Any CPU.Build.0 = Debug|Any CPU
		{2626DD4B-CECA-4960-BDE5-9238935DBF95}.Release|Any CPU.ActiveCfg = Release|Any CPU
		{2626DD4B-CECA-4960-BDE5-9238935DBF95}.Release|Any CPU.Build.0 = Release|Any CPU
		{62A20EDF-834B-4769-8BF1-FCA6C2E25EB0}.Debug|Any CPU.ActiveCfg = Debug|Any CPU
		{62A20EDF-834B-4769-8BF1-FCA6C2E25EB0}.Debug|Any CPU.Build.0 = Debug|Any CPU
		{62A20EDF-834B-4769-8BF1-FCA6C2E25EB0}.Release|Any CPU.ActiveCfg = Release|Any CPU
		{62A20EDF-834B-4769-8BF1-FCA6C2E25EB0}.Release|Any CPU.Build.0 = Release|Any CPU
		{57B236B9-7419-4CC5-9448-E5117939D888}.Debug|Any CPU.ActiveCfg = Debug|Any CPU
		{57B236B9-7419-4CC5-9448-E5117939D888}.Debug|Any CPU.Build.0 = Debug|Any CPU
		{57B236B9-7419-4CC5-9448-E5117939D888}.Release|Any CPU.ActiveCfg = Release|Any CPU
		{57B236B9-7419-4CC5-9448-E5117939D888}.Release|Any CPU.Build.0 = Release|Any CPU
		{FB9C02B8-8F59-443C-AF25-7B68A316B0C3}.Debug|Any CPU.ActiveCfg = Debug|Any CPU
		{FB9C02B8-8F59-443C-AF25-7B68A316B0C3}.Debug|Any CPU.Build.0 = Debug|Any CPU
		{FB9C02B8-8F59-443C-AF25-7B68A316B0C3}.Release|Any CPU.ActiveCfg = Release|Any CPU
		{FB9C02B8-8F59-443C-AF25-7B68A316B0C3}.Release|Any CPU.Build.0 = Release|Any CPU
	EndGlobalSection
	GlobalSection(SolutionProperties) = preSolution
		HideSolutionNode = FALSE
	EndGlobalSection
	GlobalSection(ExtensibilityGlobals) = postSolution
		SolutionGuid = {2B1FFDE4-3FD6-4DA4-B9AE-A96ACAAF5AC1}
	EndGlobalSection
EndGlobal
