
Microsoft Visual Studio Solution File, Format Version 12.00
# Visual Studio Version 17
VisualStudioVersion = 17.0.31919.166
MinimumVisualStudioVersion = 10.0.40219.1
Project("{FAE04EC0-301F-11D3-BF4B-00C04F79EFBC}") = "DatabaseFirstORM", "DatabaseFirstORM\DatabaseFirstORM.csproj", "{79D456D5-2D47-4711-A8B1-7DE2D0CD7004}"
EndProject
Global
	GlobalSection(SolutionConfigurationPlatforms) = preSolution
		Debug|Any CPU = Debug|Any CPU
		Release|Any CPU = Release|Any CPU
	EndGlobalSection
	GlobalSection(ProjectConfigurationPlatforms) = postSolution
		{79D456D5-2D47-4711-A8B1-7DE2D0CD7004}.Debug|Any CPU.ActiveCfg = Debug|Any CPU
		{79D456D5-2D47-4711-A8B1-7DE2D0CD7004}.Debug|Any CPU.Build.0 = Debug|Any CPU
		{79D456D5-2D47-4711-A8B1-7DE2D0CD7004}.Release|Any CPU.ActiveCfg = Release|Any CPU
		{79D456D5-2D47-4711-A8B1-7DE2D0CD7004}.Release|Any CPU.Build.0 = Release|Any CPU
	EndGlobalSection
	GlobalSection(SolutionProperties) = preSolution
		HideSolutionNode = FALSE
	EndGlobalSection
	GlobalSection(ExtensibilityGlobals) = postSolution
		SolutionGuid = {A9C34C16-86DC-442D-BB6A-1A280B32360C}
	EndGlobalSection
EndGlobal
