
Microsoft Visual Studio Solution File, Format Version 12.00
# Visual Studio Version 16
VisualStudioVersion = 16.0.30011.22
MinimumVisualStudioVersion = 10.0.40219.1
Project("{FAE04EC0-301F-11D3-BF4B-00C04F79EFBC}") = "Old_Books", "Old_Books\Old_Books.csproj", "{04E27B1B-A2DB-44DA-9A27-35B3355C7616}"
EndProject
Global
	GlobalSection(SolutionConfigurationPlatforms) = preSolution
		Debug|Any CPU = Debug|Any CPU
		Release|Any CPU = Release|Any CPU
	EndGlobalSection
	GlobalSection(ProjectConfigurationPlatforms) = postSolution
		{04E27B1B-A2DB-44DA-9A27-35B3355C7616}.Debug|Any CPU.ActiveCfg = Debug|Any CPU
		{04E27B1B-A2DB-44DA-9A27-35B3355C7616}.Debug|Any CPU.Build.0 = Debug|Any CPU
		{04E27B1B-A2DB-44DA-9A27-35B3355C7616}.Release|Any CPU.ActiveCfg = Release|Any CPU
		{04E27B1B-A2DB-44DA-9A27-35B3355C7616}.Release|Any CPU.Build.0 = Release|Any CPU
	EndGlobalSection
	GlobalSection(SolutionProperties) = preSolution
		HideSolutionNode = FALSE
	EndGlobalSection
	GlobalSection(ExtensibilityGlobals) = postSolution
		SolutionGuid = {80ECE4F3-AD3C-4B16-A536-C0347D90EBF1}
	EndGlobalSection
EndGlobal
