
Microsoft Visual Studio Solution File, Format Version 12.00
# Visual Studio Version 16
VisualStudioVersion = 16.0.31005.135
MinimumVisualStudioVersion = 10.0.40219.1
Project("{FAE04EC0-301F-11D3-BF4B-00C04F79EFBC}") = "MatchDates", "MatchDates\MatchDates.csproj", "{3E28F34F-3D63-450D-BEA0-52675B5BDE04}"
EndProject
Global
	GlobalSection(SolutionConfigurationPlatforms) = preSolution
		Debug|Any CPU = Debug|Any CPU
		Release|Any CPU = Release|Any CPU
	EndGlobalSection
	GlobalSection(ProjectConfigurationPlatforms) = postSolution
		{3E28F34F-3D63-450D-BEA0-52675B5BDE04}.Debug|Any CPU.ActiveCfg = Debug|Any CPU
		{3E28F34F-3D63-450D-BEA0-52675B5BDE04}.Debug|Any CPU.Build.0 = Debug|Any CPU
		{3E28F34F-3D63-450D-BEA0-52675B5BDE04}.Release|Any CPU.ActiveCfg = Release|Any CPU
		{3E28F34F-3D63-450D-BEA0-52675B5BDE04}.Release|Any CPU.Build.0 = Release|Any CPU
	EndGlobalSection
	GlobalSection(SolutionProperties) = preSolution
		HideSolutionNode = FALSE
	EndGlobalSection
	GlobalSection(ExtensibilityGlobals) = postSolution
		SolutionGuid = {8DF09CC8-C177-4058-8C18-64AFF3B2231A}
	EndGlobalSection
EndGlobal
