
Microsoft Visual Studio Solution File, Format Version 12.00
# Visual Studio Version 16
VisualStudioVersion = 16.0.30621.155
MinimumVisualStudioVersion = 10.0.40219.1
Project("{FAE04EC0-301F-11D3-BF4B-00C04F79EFBC}") = "Train", "Train\Train.csproj", "{67659389-D09C-4C71-B82D-5F36C2EC8BF9}"
EndProject
Global
	GlobalSection(SolutionConfigurationPlatforms) = preSolution
		Debug|Any CPU = Debug|Any CPU
		Release|Any CPU = Release|Any CPU
	EndGlobalSection
	GlobalSection(ProjectConfigurationPlatforms) = postSolution
		{67659389-D09C-4C71-B82D-5F36C2EC8BF9}.Debug|Any CPU.ActiveCfg = Debug|Any CPU
		{67659389-D09C-4C71-B82D-5F36C2EC8BF9}.Debug|Any CPU.Build.0 = Debug|Any CPU
		{67659389-D09C-4C71-B82D-5F36C2EC8BF9}.Release|Any CPU.ActiveCfg = Release|Any CPU
		{67659389-D09C-4C71-B82D-5F36C2EC8BF9}.Release|Any CPU.Build.0 = Release|Any CPU
	EndGlobalSection
	GlobalSection(SolutionProperties) = preSolution
		HideSolutionNode = FALSE
	EndGlobalSection
	GlobalSection(ExtensibilityGlobals) = postSolution
		SolutionGuid = {1581160E-7DD1-4C93-8CD7-123390D31F89}
	EndGlobalSection
EndGlobal
