
Microsoft Visual Studio Solution File, Format Version 12.00
# Visual Studio Version 16
VisualStudioVersion = 16.0.31112.23
MinimumVisualStudioVersion = 10.0.40219.1
Project("{FAE04EC0-301F-11D3-BF4B-00C04F79EFBC}") = "BasicQueueOperations", "BasicQueueOperations\BasicQueueOperations.csproj", "{0AA57C25-632C-4FA6-9E89-6F6637996B06}"
EndProject
Global
	GlobalSection(SolutionConfigurationPlatforms) = preSolution
		Debug|Any CPU = Debug|Any CPU
		Release|Any CPU = Release|Any CPU
	EndGlobalSection
	GlobalSection(ProjectConfigurationPlatforms) = postSolution
		{0AA57C25-632C-4FA6-9E89-6F6637996B06}.Debug|Any CPU.ActiveCfg = Debug|Any CPU
		{0AA57C25-632C-4FA6-9E89-6F6637996B06}.Debug|Any CPU.Build.0 = Debug|Any CPU
		{0AA57C25-632C-4FA6-9E89-6F6637996B06}.Release|Any CPU.ActiveCfg = Release|Any CPU
		{0AA57C25-632C-4FA6-9E89-6F6637996B06}.Release|Any CPU.Build.0 = Release|Any CPU
	EndGlobalSection
	GlobalSection(SolutionProperties) = preSolution
		HideSolutionNode = FALSE
	EndGlobalSection
	GlobalSection(ExtensibilityGlobals) = postSolution
		SolutionGuid = {4357A104-23C5-4B18-88E0-508A08598097}
	EndGlobalSection
EndGlobal
