
Microsoft Visual Studio Solution File, Format Version 12.00
# Visual Studio Version 16
VisualStudioVersion = 16.0.30621.155
MinimumVisualStudioVersion = 10.0.40219.1
Project("{FAE04EC0-301F-11D3-BF4B-00C04F79EFBC}") = "CondenseArrayToNumbers", "CondenseArrayToNumbers\CondenseArrayToNumbers.csproj", "{ABE8EA8A-4D8C-4401-ADE3-238E823B5BAD}"
EndProject
Global
	GlobalSection(SolutionConfigurationPlatforms) = preSolution
		Debug|Any CPU = Debug|Any CPU
		Release|Any CPU = Release|Any CPU
	EndGlobalSection
	GlobalSection(ProjectConfigurationPlatforms) = postSolution
		{ABE8EA8A-4D8C-4401-ADE3-238E823B5BAD}.Debug|Any CPU.ActiveCfg = Debug|Any CPU
		{ABE8EA8A-4D8C-4401-ADE3-238E823B5BAD}.Debug|Any CPU.Build.0 = Debug|Any CPU
		{ABE8EA8A-4D8C-4401-ADE3-238E823B5BAD}.Release|Any CPU.ActiveCfg = Release|Any CPU
		{ABE8EA8A-4D8C-4401-ADE3-238E823B5BAD}.Release|Any CPU.Build.0 = Release|Any CPU
	EndGlobalSection
	GlobalSection(SolutionProperties) = preSolution
		HideSolutionNode = FALSE
	EndGlobalSection
	GlobalSection(ExtensibilityGlobals) = postSolution
		SolutionGuid = {5B1E5282-766E-46F1-8DD6-FB4F447D11B3}
	EndGlobalSection
EndGlobal
