
Microsoft Visual Studio Solution File, Format Version 12.00
# Visual Studio Version 16
VisualStudioVersion = 16.0.30621.155
MinimumVisualStudioVersion = 10.0.40219.1
Project("{FAE04EC0-301F-11D3-BF4B-00C04F79EFBC}") = "SumAdjacentEqualNumbers", "SumAdjacentEqualNumbers\SumAdjacentEqualNumbers.csproj", "{7B8F0B3C-C50B-46A0-862D-E3C1ADAAB427}"
EndProject
Global
	GlobalSection(SolutionConfigurationPlatforms) = preSolution
		Debug|Any CPU = Debug|Any CPU
		Release|Any CPU = Release|Any CPU
	EndGlobalSection
	GlobalSection(ProjectConfigurationPlatforms) = postSolution
		{7B8F0B3C-C50B-46A0-862D-E3C1ADAAB427}.Debug|Any CPU.ActiveCfg = Debug|Any CPU
		{7B8F0B3C-C50B-46A0-862D-E3C1ADAAB427}.Debug|Any CPU.Build.0 = Debug|Any CPU
		{7B8F0B3C-C50B-46A0-862D-E3C1ADAAB427}.Release|Any CPU.ActiveCfg = Release|Any CPU
		{7B8F0B3C-C50B-46A0-862D-E3C1ADAAB427}.Release|Any CPU.Build.0 = Release|Any CPU
	EndGlobalSection
	GlobalSection(SolutionProperties) = preSolution
		HideSolutionNode = FALSE
	EndGlobalSection
	GlobalSection(ExtensibilityGlobals) = postSolution
		SolutionGuid = {A324772A-DDA1-484F-895B-5BCFC52A3B61}
	EndGlobalSection
EndGlobal
