
Microsoft Visual Studio Solution File, Format Version 12.00
# Visual Studio Version 16
VisualStudioVersion = 16.0.30621.155
MinimumVisualStudioVersion = 10.0.40219.1
Project("{FAE04EC0-301F-11D3-BF4B-00C04F79EFBC}") = "FilterWords", "FilterWords\FilterWords.csproj", "{4581A959-15B1-4C6E-9575-8913C5DCE2DC}"
EndProject
Global
	GlobalSection(SolutionConfigurationPlatforms) = preSolution
		Debug|Any CPU = Debug|Any CPU
		Release|Any CPU = Release|Any CPU
	EndGlobalSection
	GlobalSection(ProjectConfigurationPlatforms) = postSolution
		{4581A959-15B1-4C6E-9575-8913C5DCE2DC}.Debug|Any CPU.ActiveCfg = Debug|Any CPU
		{4581A959-15B1-4C6E-9575-8913C5DCE2DC}.Debug|Any CPU.Build.0 = Debug|Any CPU
		{4581A959-15B1-4C6E-9575-8913C5DCE2DC}.Release|Any CPU.ActiveCfg = Release|Any CPU
		{4581A959-15B1-4C6E-9575-8913C5DCE2DC}.Release|Any CPU.Build.0 = Release|Any CPU
	EndGlobalSection
	GlobalSection(SolutionProperties) = preSolution
		HideSolutionNode = FALSE
	EndGlobalSection
	GlobalSection(ExtensibilityGlobals) = postSolution
		SolutionGuid = {295B0CD6-DD19-490F-AA5D-61DE4C5E0302}
	EndGlobalSection
EndGlobal
