
Microsoft Visual Studio Solution File, Format Version 12.00
# Visual Studio Version 16
VisualStudioVersion = 16.0.31005.135
MinimumVisualStudioVersion = 10.0.40219.1
Project("{FAE04EC0-301F-11D3-BF4B-00C04F79EFBC}") = "SubString", "SubString\SubString.csproj", "{438712BB-9E06-4E6F-9DC3-BE62307C3C37}"
EndProject
Global
	GlobalSection(SolutionConfigurationPlatforms) = preSolution
		Debug|Any CPU = Debug|Any CPU
		Release|Any CPU = Release|Any CPU
	EndGlobalSection
	GlobalSection(ProjectConfigurationPlatforms) = postSolution
		{438712BB-9E06-4E6F-9DC3-BE62307C3C37}.Debug|Any CPU.ActiveCfg = Debug|Any CPU
		{438712BB-9E06-4E6F-9DC3-BE62307C3C37}.Debug|Any CPU.Build.0 = Debug|Any CPU
		{438712BB-9E06-4E6F-9DC3-BE62307C3C37}.Release|Any CPU.ActiveCfg = Release|Any CPU
		{438712BB-9E06-4E6F-9DC3-BE62307C3C37}.Release|Any CPU.Build.0 = Release|Any CPU
	EndGlobalSection
	GlobalSection(SolutionProperties) = preSolution
		HideSolutionNode = FALSE
	EndGlobalSection
	GlobalSection(ExtensibilityGlobals) = postSolution
		SolutionGuid = {D5146C25-9D3F-4F00-BE74-85C364EC897F}
	EndGlobalSection
EndGlobal
