
Microsoft Visual Studio Solution File, Format Version 12.00
# Visual Studio Version 16
VisualStudioVersion = 16.0.30907.101
MinimumVisualStudioVersion = 10.0.40219.1
Project("{FAE04EC0-301F-11D3-BF4B-00C04F79EFBC}") = "Students", "Students\Students.csproj", "{FCE91FF6-28AA-4315-BFBB-6A180CF623EB}"
EndProject
Global
	GlobalSection(SolutionConfigurationPlatforms) = preSolution
		Debug|Any CPU = Debug|Any CPU
		Release|Any CPU = Release|Any CPU
	EndGlobalSection
	GlobalSection(ProjectConfigurationPlatforms) = postSolution
		{FCE91FF6-28AA-4315-BFBB-6A180CF623EB}.Debug|Any CPU.ActiveCfg = Debug|Any CPU
		{FCE91FF6-28AA-4315-BFBB-6A180CF623EB}.Debug|Any CPU.Build.0 = Debug|Any CPU
		{FCE91FF6-28AA-4315-BFBB-6A180CF623EB}.Release|Any CPU.ActiveCfg = Release|Any CPU
		{FCE91FF6-28AA-4315-BFBB-6A180CF623EB}.Release|Any CPU.Build.0 = Release|Any CPU
	EndGlobalSection
	GlobalSection(SolutionProperties) = preSolution
		HideSolutionNode = FALSE
	EndGlobalSection
	GlobalSection(ExtensibilityGlobals) = postSolution
		SolutionGuid = {C972B287-E25F-44A3-8714-6BADDD767E56}
	EndGlobalSection
EndGlobal
