
Microsoft Visual Studio Solution File, Format Version 12.00
# Visual Studio Version 16
VisualStudioVersion = 16.0.30621.155
MinimumVisualStudioVersion = 10.0.40219.1
Project("{FAE04EC0-301F-11D3-BF4B-00C04F79EFBC}") = "Train", "Train\Train.csproj", "{959E779B-B3A8-4F27-8F61-825333E6AEEC}"
EndProject
Global
	GlobalSection(SolutionConfigurationPlatforms) = preSolution
		Debug|Any CPU = Debug|Any CPU
		Release|Any CPU = Release|Any CPU
	EndGlobalSection
	GlobalSection(ProjectConfigurationPlatforms) = postSolution
		{959E779B-B3A8-4F27-8F61-825333E6AEEC}.Debug|Any CPU.ActiveCfg = Debug|Any CPU
		{959E779B-B3A8-4F27-8F61-825333E6AEEC}.Debug|Any CPU.Build.0 = Debug|Any CPU
		{959E779B-B3A8-4F27-8F61-825333E6AEEC}.Release|Any CPU.ActiveCfg = Release|Any CPU
		{959E779B-B3A8-4F27-8F61-825333E6AEEC}.Release|Any CPU.Build.0 = Release|Any CPU
	EndGlobalSection
	GlobalSection(SolutionProperties) = preSolution
		HideSolutionNode = FALSE
	EndGlobalSection
	GlobalSection(ExtensibilityGlobals) = postSolution
		SolutionGuid = {8ED02340-CB64-41DB-B211-CAEDF5ECE454}
	EndGlobalSection
EndGlobal
