
Microsoft Visual Studio Solution File, Format Version 12.00
# Visual Studio Version 17
VisualStudioVersion = 17.7.34202.233
MinimumVisualStudioVersion = 10.0.40219.1
Project("{FAE04EC0-301F-11D3-BF4B-00C04F79EFBC}") = "LongestIncreasingSubsequence", "LongestIncreasingSubsequence\LongestIncreasingSubsequence.csproj", "{FEC2BE45-E4D2-497C-B8C7-0124B03D7233}"
EndProject
Project("{FAE04EC0-301F-11D3-BF4B-00C04F79EFBC}") = "LongestZigzagSequence", "LongestZigzagSequence\LongestZigzagSequence.csproj", "{D56E1D22-BC3D-49B0-A99F-583E3BBBB375}"
EndProject
Global
	GlobalSection(SolutionConfigurationPlatforms) = preSolution
		Debug|Any CPU = Debug|Any CPU
		Release|Any CPU = Release|Any CPU
	EndGlobalSection
	GlobalSection(ProjectConfigurationPlatforms) = postSolution
		{FEC2BE45-E4D2-497C-B8C7-0124B03D7233}.Debug|Any CPU.ActiveCfg = Debug|Any CPU
		{FEC2BE45-E4D2-497C-B8C7-0124B03D7233}.Debug|Any CPU.Build.0 = Debug|Any CPU
		{FEC2BE45-E4D2-497C-B8C7-0124B03D7233}.Release|Any CPU.ActiveCfg = Release|Any CPU
		{FEC2BE45-E4D2-497C-B8C7-0124B03D7233}.Release|Any CPU.Build.0 = Release|Any CPU
		{D56E1D22-BC3D-49B0-A99F-583E3BBBB375}.Debug|Any CPU.ActiveCfg = Debug|Any CPU
		{D56E1D22-BC3D-49B0-A99F-583E3BBBB375}.Debug|Any CPU.Build.0 = Debug|Any CPU
		{D56E1D22-BC3D-49B0-A99F-583E3BBBB375}.Release|Any CPU.ActiveCfg = Release|Any CPU
		{D56E1D22-BC3D-49B0-A99F-583E3BBBB375}.Release|Any CPU.Build.0 = Release|Any CPU
	EndGlobalSection
	GlobalSection(SolutionProperties) = preSolution
		HideSolutionNode = FALSE
	EndGlobalSection
	GlobalSection(ExtensibilityGlobals) = postSolution
		SolutionGuid = {8609812D-E9D4-44FF-89CA-CB693DFABBB4}
	EndGlobalSection
EndGlobal
