
Microsoft Visual Studio Solution File, Format Version 12.00
# Visual Studio Version 16
VisualStudioVersion = 16.0.30011.22
MinimumVisualStudioVersion = 10.0.40219.1
Project("{FAE04EC0-301F-11D3-BF4B-00C04F79EFBC}") = "Travelling", "Travelling\Travelling.csproj", "{35A8705C-FF31-4C9C-87D3-D2B3CD792FEA}"
EndProject
Global
	GlobalSection(SolutionConfigurationPlatforms) = preSolution
		Debug|Any CPU = Debug|Any CPU
		Release|Any CPU = Release|Any CPU
	EndGlobalSection
	GlobalSection(ProjectConfigurationPlatforms) = postSolution
		{35A8705C-FF31-4C9C-87D3-D2B3CD792FEA}.Debug|Any CPU.ActiveCfg = Debug|Any CPU
		{35A8705C-FF31-4C9C-87D3-D2B3CD792FEA}.Debug|Any CPU.Build.0 = Debug|Any CPU
		{35A8705C-FF31-4C9C-87D3-D2B3CD792FEA}.Release|Any CPU.ActiveCfg = Release|Any CPU
		{35A8705C-FF31-4C9C-87D3-D2B3CD792FEA}.Release|Any CPU.Build.0 = Release|Any CPU
	EndGlobalSection
	GlobalSection(SolutionProperties) = preSolution
		HideSolutionNode = FALSE
	EndGlobalSection
	GlobalSection(ExtensibilityGlobals) = postSolution
		SolutionGuid = {5ABAA322-B537-4284-9A37-85CE797E0460}
	EndGlobalSection
EndGlobal
