
Microsoft Visual Studio Solution File, Format Version 12.00
# Visual Studio Version 16
VisualStudioVersion = 16.0.31005.135
MinimumVisualStudioVersion = 10.0.40219.1
Project("{FAE04EC0-301F-11D3-BF4B-00C04F79EFBC}") = "Digits, Letters and Other", "Digits, Letters and Other\Digits, Letters and Other.csproj", "{96031132-94E8-4D30-B39C-D1FE50CCD58C}"
EndProject
Global
	GlobalSection(SolutionConfigurationPlatforms) = preSolution
		Debug|Any CPU = Debug|Any CPU
		Release|Any CPU = Release|Any CPU
	EndGlobalSection
	GlobalSection(ProjectConfigurationPlatforms) = postSolution
		{96031132-94E8-4D30-B39C-D1FE50CCD58C}.Debug|Any CPU.ActiveCfg = Debug|Any CPU
		{96031132-94E8-4D30-B39C-D1FE50CCD58C}.Debug|Any CPU.Build.0 = Debug|Any CPU
		{96031132-94E8-4D30-B39C-D1FE50CCD58C}.Release|Any CPU.ActiveCfg = Release|Any CPU
		{96031132-94E8-4D30-B39C-D1FE50CCD58C}.Release|Any CPU.Build.0 = Release|Any CPU
	EndGlobalSection
	GlobalSection(SolutionProperties) = preSolution
		HideSolutionNode = FALSE
	EndGlobalSection
	GlobalSection(ExtensibilityGlobals) = postSolution
		SolutionGuid = {008E3921-32F5-413F-9E66-47F2AFE78EE9}
	EndGlobalSection
EndGlobal
