
Microsoft Visual Studio Solution File, Format Version 12.00
# Visual Studio Version 16
VisualStudioVersion = 16.0.30621.155
MinimumVisualStudioVersion = 10.0.40219.1
Project("{FAE04EC0-301F-11D3-BF4B-00C04F79EFBC}") = "AddAndSubtract", "AddAndSubtract\AddAndSubtract.csproj", "{569F455A-E7D3-4B2C-8B5C-7552D8FF3918}"
EndProject
Global
	GlobalSection(SolutionConfigurationPlatforms) = preSolution
		Debug|Any CPU = Debug|Any CPU
		Release|Any CPU = Release|Any CPU
	EndGlobalSection
	GlobalSection(ProjectConfigurationPlatforms) = postSolution
		{569F455A-E7D3-4B2C-8B5C-7552D8FF3918}.Debug|Any CPU.ActiveCfg = Debug|Any CPU
		{569F455A-E7D3-4B2C-8B5C-7552D8FF3918}.Debug|Any CPU.Build.0 = Debug|Any CPU
		{569F455A-E7D3-4B2C-8B5C-7552D8FF3918}.Release|Any CPU.ActiveCfg = Release|Any CPU
		{569F455A-E7D3-4B2C-8B5C-7552D8FF3918}.Release|Any CPU.Build.0 = Release|Any CPU
	EndGlobalSection
	GlobalSection(SolutionProperties) = preSolution
		HideSolutionNode = FALSE
	EndGlobalSection
	GlobalSection(ExtensibilityGlobals) = postSolution
		SolutionGuid = {6BBCBDD4-D57B-44DC-9643-2DC8726F34DB}
	EndGlobalSection
EndGlobal
