
Microsoft Visual Studio Solution File, Format Version 12.00
# Visual Studio Version 17
VisualStudioVersion = 17.0.31919.166
MinimumVisualStudioVersion = 10.0.40219.1
Project("{9A19103F-16F7-4668-BE54-9A1E7A4F7556}") = "LinkedStrings", "LinkedStrings\LinkedStrings.csproj", "{C1B68130-C4ED-420E-B54C-FE512C032257}"
EndProject
Project("{FAE04EC0-301F-11D3-BF4B-00C04F79EFBC}") = "BagOfWords", "BagOfWords\BagOfWords.csproj", "{AD5B83A1-2D26-4126-A3E8-95AF46630333}"
EndProject
Project("{FAE04EC0-301F-11D3-BF4B-00C04F79EFBC}") = "PhoneBook", "PhoneBook\PhoneBook.csproj", "{68BB98C0-948E-4BC2-A7A2-436E01693342}"
EndProject
Project("{FAE04EC0-301F-11D3-BF4B-00C04F79EFBC}") = "HeapOfNames", "HeapOfNames\HeapOfNames.csproj", "{D0E43E7B-610B-4A84-8922-6024976A02C1}"
EndProject
Global
	GlobalSection(SolutionConfigurationPlatforms) = preSolution
		Debug|Any CPU = Debug|Any CPU
		Release|Any CPU = Release|Any CPU
	EndGlobalSection
	GlobalSection(ProjectConfigurationPlatforms) = postSolution
		{C1B68130-C4ED-420E-B54C-FE512C032257}.Debug|Any CPU.ActiveCfg = Debug|Any CPU
		{C1B68130-C4ED-420E-B54C-FE512C032257}.Debug|Any CPU.Build.0 = Debug|Any CPU
		{C1B68130-C4ED-420E-B54C-FE512C032257}.Release|Any CPU.ActiveCfg = Release|Any CPU
		{C1B68130-C4ED-420E-B54C-FE512C032257}.Release|Any CPU.Build.0 = Release|Any CPU
		{AD5B83A1-2D26-4126-A3E8-95AF46630333}.Debug|Any CPU.ActiveCfg = Debug|Any CPU
		{AD5B83A1-2D26-4126-A3E8-95AF46630333}.Debug|Any CPU.Build.0 = Debug|Any CPU
		{AD5B83A1-2D26-4126-A3E8-95AF46630333}.Release|Any CPU.ActiveCfg = Release|Any CPU
		{AD5B83A1-2D26-4126-A3E8-95AF46630333}.Release|Any CPU.Build.0 = Release|Any CPU
		{68BB98C0-948E-4BC2-A7A2-436E01693342}.Debug|Any CPU.ActiveCfg = Debug|Any CPU
		{68BB98C0-948E-4BC2-A7A2-436E01693342}.Debug|Any CPU.Build.0 = Debug|Any CPU
		{68BB98C0-948E-4BC2-A7A2-436E01693342}.Release|Any CPU.ActiveCfg = Release|Any CPU
		{68BB98C0-948E-4BC2-A7A2-436E01693342}.Release|Any CPU.Build.0 = Release|Any CPU
		{D0E43E7B-610B-4A84-8922-6024976A02C1}.Debug|Any CPU.ActiveCfg = Debug|Any CPU
		{D0E43E7B-610B-4A84-8922-6024976A02C1}.Debug|Any CPU.Build.0 = Debug|Any CPU
		{D0E43E7B-610B-4A84-8922-6024976A02C1}.Release|Any CPU.ActiveCfg = Release|Any CPU
		{D0E43E7B-610B-4A84-8922-6024976A02C1}.Release|Any CPU.Build.0 = Release|Any CPU
	EndGlobalSection
	GlobalSection(SolutionProperties) = preSolution
		HideSolutionNode = FALSE
	EndGlobalSection
	GlobalSection(ExtensibilityGlobals) = postSolution
		SolutionGuid = {F42A983C-B504-4957-AC66-0BD79C92CE81}
	EndGlobalSection
EndGlobal
