
Microsoft Visual Studio Solution File, Format Version 12.00
# Visual Studio Version 16
VisualStudioVersion = 16.0.31112.23
MinimumVisualStudioVersion = 10.0.40219.1
Project("{FAE04EC0-301F-11D3-BF4B-00C04F79EFBC}") = "SomethingInCommon", "SomethingInCommon\SomethingInCommon.csproj", "{5BCFADD7-BE80-4533-82C8-E09ABC7A4F51}"
EndProject
Global
	GlobalSection(SolutionConfigurationPlatforms) = preSolution
		Debug|Any CPU = Debug|Any CPU
		Release|Any CPU = Release|Any CPU
	EndGlobalSection
	GlobalSection(ProjectConfigurationPlatforms) = postSolution
		{5BCFADD7-BE80-4533-82C8-E09ABC7A4F51}.Debug|Any CPU.ActiveCfg = Debug|Any CPU
		{5BCFADD7-BE80-4533-82C8-E09ABC7A4F51}.Debug|Any CPU.Build.0 = Debug|Any CPU
		{5BCFADD7-BE80-4533-82C8-E09ABC7A4F51}.Release|Any CPU.ActiveCfg = Release|Any CPU
		{5BCFADD7-BE80-4533-82C8-E09ABC7A4F51}.Release|Any CPU.Build.0 = Release|Any CPU
	EndGlobalSection
	GlobalSection(SolutionProperties) = preSolution
		HideSolutionNode = FALSE
	EndGlobalSection
	GlobalSection(ExtensibilityGlobals) = postSolution
		SolutionGuid = {C5B87043-CF1B-4657-AD42-BF8695D5A692}
	EndGlobalSection
EndGlobal
