
Microsoft Visual Studio Solution File, Format Version 12.00
# Visual Studio Version 16
VisualStudioVersion = 16.0.31112.23
MinimumVisualStudioVersion = 10.0.40219.1
Project("{FAE04EC0-301F-11D3-BF4B-00C04F79EFBC}") = "SimpleTextEditor", "SimpleTextEditor\SimpleTextEditor.csproj", "{18481FB8-F1A2-42E9-B8CE-899BDCD75AAF}"
EndProject
Global
	GlobalSection(SolutionConfigurationPlatforms) = preSolution
		Debug|Any CPU = Debug|Any CPU
		Release|Any CPU = Release|Any CPU
	EndGlobalSection
	GlobalSection(ProjectConfigurationPlatforms) = postSolution
		{18481FB8-F1A2-42E9-B8CE-899BDCD75AAF}.Debug|Any CPU.ActiveCfg = Debug|Any CPU
		{18481FB8-F1A2-42E9-B8CE-899BDCD75AAF}.Debug|Any CPU.Build.0 = Debug|Any CPU
		{18481FB8-F1A2-42E9-B8CE-899BDCD75AAF}.Release|Any CPU.ActiveCfg = Release|Any CPU
		{18481FB8-F1A2-42E9-B8CE-899BDCD75AAF}.Release|Any CPU.Build.0 = Release|Any CPU
	EndGlobalSection
	GlobalSection(SolutionProperties) = preSolution
		HideSolutionNode = FALSE
	EndGlobalSection
	GlobalSection(ExtensibilityGlobals) = postSolution
		SolutionGuid = {DE0C56F4-DB13-4872-B473-52F1BE8E6F2F}
	EndGlobalSection
EndGlobal
