
Microsoft Visual Studio Solution File, Format Version 12.00
# Visual Studio Version 16
VisualStudioVersion = 16.0.31112.23
MinimumVisualStudioVersion = 10.0.40219.1
Project("{FAE04EC0-301F-11D3-BF4B-00C04F79EFBC}") = "RecordUniqueNames", "RecordUniqueNames\RecordUniqueNames.csproj", "{29749E36-5858-4AF0-92A6-FC8219C595B7}"
EndProject
Global
	GlobalSection(SolutionConfigurationPlatforms) = preSolution
		Debug|Any CPU = Debug|Any CPU
		Release|Any CPU = Release|Any CPU
	EndGlobalSection
	GlobalSection(ProjectConfigurationPlatforms) = postSolution
		{29749E36-5858-4AF0-92A6-FC8219C595B7}.Debug|Any CPU.ActiveCfg = Debug|Any CPU
		{29749E36-5858-4AF0-92A6-FC8219C595B7}.Debug|Any CPU.Build.0 = Debug|Any CPU
		{29749E36-5858-4AF0-92A6-FC8219C595B7}.Release|Any CPU.ActiveCfg = Release|Any CPU
		{29749E36-5858-4AF0-92A6-FC8219C595B7}.Release|Any CPU.Build.0 = Release|Any CPU
	EndGlobalSection
	GlobalSection(SolutionProperties) = preSolution
		HideSolutionNode = FALSE
	EndGlobalSection
	GlobalSection(ExtensibilityGlobals) = postSolution
		SolutionGuid = {F84F3CE0-21F7-43B1-B24B-BF5219064439}
	EndGlobalSection
EndGlobal
