
Microsoft Visual Studio Solution File, Format Version 12.00
# Visual Studio Version 16
VisualStudioVersion = 16.0.31112.23
MinimumVisualStudioVersion = 10.0.40219.1
Project("{FAE04EC0-301F-11D3-BF4B-00C04F79EFBC}") = "ClassDeckOfCards", "ClassDeckOfCards\ClassDeckOfCards.csproj", "{B36073A0-88DE-476C-A838-EA09CD3EC027}"
EndProject
Global
	GlobalSection(SolutionConfigurationPlatforms) = preSolution
		Debug|Any CPU = Debug|Any CPU
		Release|Any CPU = Release|Any CPU
	EndGlobalSection
	GlobalSection(ProjectConfigurationPlatforms) = postSolution
		{B36073A0-88DE-476C-A838-EA09CD3EC027}.Debug|Any CPU.ActiveCfg = Debug|Any CPU
		{B36073A0-88DE-476C-A838-EA09CD3EC027}.Debug|Any CPU.Build.0 = Debug|Any CPU
		{B36073A0-88DE-476C-A838-EA09CD3EC027}.Release|Any CPU.ActiveCfg = Release|Any CPU
		{B36073A0-88DE-476C-A838-EA09CD3EC027}.Release|Any CPU.Build.0 = Release|Any CPU
	EndGlobalSection
	GlobalSection(SolutionProperties) = preSolution
		HideSolutionNode = FALSE
	EndGlobalSection
	GlobalSection(ExtensibilityGlobals) = postSolution
		SolutionGuid = {F9220FE6-244D-4037-929F-F02E9825EB6D}
	EndGlobalSection
EndGlobal
