
Microsoft Visual Studio Solution File, Format Version 12.00
# Visual Studio Version 16
VisualStudioVersion = 16.0.31005.135
MinimumVisualStudioVersion = 10.0.40219.1
Project("{FAE04EC0-301F-11D3-BF4B-00C04F79EFBC}") = "EmployeeStatistic", "EmployeeStatistic\EmployeeStatistic.csproj", "{35297598-F896-4246-B037-F6033EE3E93F}"
EndProject
Global
	GlobalSection(SolutionConfigurationPlatforms) = preSolution
		Debug|Any CPU = Debug|Any CPU
		Release|Any CPU = Release|Any CPU
	EndGlobalSection
	GlobalSection(ProjectConfigurationPlatforms) = postSolution
		{35297598-F896-4246-B037-F6033EE3E93F}.Debug|Any CPU.ActiveCfg = Debug|Any CPU
		{35297598-F896-4246-B037-F6033EE3E93F}.Debug|Any CPU.Build.0 = Debug|Any CPU
		{35297598-F896-4246-B037-F6033EE3E93F}.Release|Any CPU.ActiveCfg = Release|Any CPU
		{35297598-F896-4246-B037-F6033EE3E93F}.Release|Any CPU.Build.0 = Release|Any CPU
	EndGlobalSection
	GlobalSection(SolutionProperties) = preSolution
		HideSolutionNode = FALSE
	EndGlobalSection
	GlobalSection(ExtensibilityGlobals) = postSolution
		SolutionGuid = {14B58182-32A7-496B-AC52-F82D2BF9743E}
	EndGlobalSection
EndGlobal
