
Microsoft Visual Studio Solution File, Format Version 12.00
# Visual Studio Version 16
VisualStudioVersion = 16.0.30011.22
MinimumVisualStudioVersion = 10.0.40219.1
Project("{FAE04EC0-301F-11D3-BF4B-00C04F79EFBC}") = "ConsoleApp1", "ConsoleApp1\ConsoleApp1.csproj", "{0D2A93E6-4043-4F72-BB69-699DC3DE7A60}"
EndProject
Global
	GlobalSection(SolutionConfigurationPlatforms) = preSolution
		Debug|Any CPU = Debug|Any CPU
		Release|Any CPU = Release|Any CPU
	EndGlobalSection
	GlobalSection(ProjectConfigurationPlatforms) = postSolution
		{0D2A93E6-4043-4F72-BB69-699DC3DE7A60}.Debug|Any CPU.ActiveCfg = Debug|Any CPU
		{0D2A93E6-4043-4F72-BB69-699DC3DE7A60}.Debug|Any CPU.Build.0 = Debug|Any CPU
		{0D2A93E6-4043-4F72-BB69-699DC3DE7A60}.Release|Any CPU.ActiveCfg = Release|Any CPU
		{0D2A93E6-4043-4F72-BB69-699DC3DE7A60}.Release|Any CPU.Build.0 = Release|Any CPU
	EndGlobalSection
	GlobalSection(SolutionProperties) = preSolution
		HideSolutionNode = FALSE
	EndGlobalSection
	GlobalSection(ExtensibilityGlobals) = postSolution
		SolutionGuid = {51AF7140-CD2C-4411-AD34-36090252B233}
	EndGlobalSection
EndGlobal
