
Microsoft Visual Studio Solution File, Format Version 12.00
# Visual Studio Version 16
VisualStudioVersion = 16.0.31112.23
MinimumVisualStudioVersion = 10.0.40219.1
Project("{FAE04EC0-301F-11D3-BF4B-00C04F79EFBC}") = "SumMatrixColumns", "SumMatrixColumns\SumMatrixColumns.csproj", "{ED75540E-D0B7-475F-9E85-7F0CD730717E}"
EndProject
Global
	GlobalSection(SolutionConfigurationPlatforms) = preSolution
		Debug|Any CPU = Debug|Any CPU
		Release|Any CPU = Release|Any CPU
	EndGlobalSection
	GlobalSection(ProjectConfigurationPlatforms) = postSolution
		{ED75540E-D0B7-475F-9E85-7F0CD730717E}.Debug|Any CPU.ActiveCfg = Debug|Any CPU
		{ED75540E-D0B7-475F-9E85-7F0CD730717E}.Debug|Any CPU.Build.0 = Debug|Any CPU
		{ED75540E-D0B7-475F-9E85-7F0CD730717E}.Release|Any CPU.ActiveCfg = Release|Any CPU
		{ED75540E-D0B7-475F-9E85-7F0CD730717E}.Release|Any CPU.Build.0 = Release|Any CPU
	EndGlobalSection
	GlobalSection(SolutionProperties) = preSolution
		HideSolutionNode = FALSE
	EndGlobalSection
	GlobalSection(ExtensibilityGlobals) = postSolution
		SolutionGuid = {55731DD3-1A7A-4AAE-9620-0B4DF5A2B8FF}
	EndGlobalSection
EndGlobal
