
Microsoft Visual Studio Solution File, Format Version 12.00
# Visual Studio Version 16
VisualStudioVersion = 16.0.31005.135
MinimumVisualStudioVersion = 10.0.40219.1
Project("{FAE04EC0-301F-11D3-BF4B-00C04F79EFBC}") = "CheckWordOccurences", "CheckWordOccurences\CheckWordOccurences.csproj", "{ED2B63CB-9BCF-44B1-B5A4-8BB7D59997FD}"
EndProject
Global
	GlobalSection(SolutionConfigurationPlatforms) = preSolution
		Debug|Any CPU = Debug|Any CPU
		Release|Any CPU = Release|Any CPU
	EndGlobalSection
	GlobalSection(ProjectConfigurationPlatforms) = postSolution
		{ED2B63CB-9BCF-44B1-B5A4-8BB7D59997FD}.Debug|Any CPU.ActiveCfg = Debug|Any CPU
		{ED2B63CB-9BCF-44B1-B5A4-8BB7D59997FD}.Debug|Any CPU.Build.0 = Debug|Any CPU
		{ED2B63CB-9BCF-44B1-B5A4-8BB7D59997FD}.Release|Any CPU.ActiveCfg = Release|Any CPU
		{ED2B63CB-9BCF-44B1-B5A4-8BB7D59997FD}.Release|Any CPU.Build.0 = Release|Any CPU
	EndGlobalSection
	GlobalSection(SolutionProperties) = preSolution
		HideSolutionNode = FALSE
	EndGlobalSection
	GlobalSection(ExtensibilityGlobals) = postSolution
		SolutionGuid = {5213ED10-0009-4111-9358-E30009C79373}
	EndGlobalSection
EndGlobal
