
Microsoft Visual Studio Solution File, Format Version 12.00
# Visual Studio Version 16
VisualStudioVersion = 16.0.30011.22
MinimumVisualStudioVersion = 10.0.40219.1
Project("{FAE04EC0-301F-11D3-BF4B-00C04F79EFBC}") = "GuessTheNumber", "GuessTheNumber\GuessTheNumber.csproj", "{34CB5D21-95D6-4794-BE8D-C2ADEC1C582E}"
EndProject
Global
	GlobalSection(SolutionConfigurationPlatforms) = preSolution
		Debug|Any CPU = Debug|Any CPU
		Release|Any CPU = Release|Any CPU
	EndGlobalSection
	GlobalSection(ProjectConfigurationPlatforms) = postSolution
		{34CB5D21-95D6-4794-BE8D-C2ADEC1C582E}.Debug|Any CPU.ActiveCfg = Debug|Any CPU
		{34CB5D21-95D6-4794-BE8D-C2ADEC1C582E}.Debug|Any CPU.Build.0 = Debug|Any CPU
		{34CB5D21-95D6-4794-BE8D-C2ADEC1C582E}.Release|Any CPU.ActiveCfg = Release|Any CPU
		{34CB5D21-95D6-4794-BE8D-C2ADEC1C582E}.Release|Any CPU.Build.0 = Release|Any CPU
	EndGlobalSection
	GlobalSection(SolutionProperties) = preSolution
		HideSolutionNode = FALSE
	EndGlobalSection
	GlobalSection(ExtensibilityGlobals) = postSolution
		SolutionGuid = {EAAD6136-DFC1-475A-AAAA-1EE30C453165}
	EndGlobalSection
EndGlobal
