
Microsoft Visual Studio Solution File, Format Version 12.00
# Visual Studio Version 16
VisualStudioVersion = 16.0.31112.23
MinimumVisualStudioVersion = 10.0.40219.1
Project("{FAE04EC0-301F-11D3-BF4B-00C04F79EFBC}") = "RandomizeWords", "RandomizeWords\RandomizeWords.csproj", "{1CEAD532-F047-4A54-85F4-C442C0D6D651}"
EndProject
Global
	GlobalSection(SolutionConfigurationPlatforms) = preSolution
		Debug|Any CPU = Debug|Any CPU
		Release|Any CPU = Release|Any CPU
	EndGlobalSection
	GlobalSection(ProjectConfigurationPlatforms) = postSolution
		{1CEAD532-F047-4A54-85F4-C442C0D6D651}.Debug|Any CPU.ActiveCfg = Debug|Any CPU
		{1CEAD532-F047-4A54-85F4-C442C0D6D651}.Debug|Any CPU.Build.0 = Debug|Any CPU
		{1CEAD532-F047-4A54-85F4-C442C0D6D651}.Release|Any CPU.ActiveCfg = Release|Any CPU
		{1CEAD532-F047-4A54-85F4-C442C0D6D651}.Release|Any CPU.Build.0 = Release|Any CPU
	EndGlobalSection
	GlobalSection(SolutionProperties) = preSolution
		HideSolutionNode = FALSE
	EndGlobalSection
	GlobalSection(ExtensibilityGlobals) = postSolution
		SolutionGuid = {4676E056-0390-4FF6-A9CE-3FB8102BE0C9}
	EndGlobalSection
EndGlobal
