
Microsoft Visual Studio Solution File, Format Version 12.00
# Visual Studio Version 16
VisualStudioVersion = 16.0.31112.23
MinimumVisualStudioVersion = 10.0.40219.1
Project("{FAE04EC0-301F-11D3-BF4B-00C04F79EFBC}") = "PascalTriangle", "PascalTriangle\PascalTriangle.csproj", "{7E092C93-D2D7-43BC-9D11-A241CD571AF1}"
EndProject
Global
	GlobalSection(SolutionConfigurationPlatforms) = preSolution
		Debug|Any CPU = Debug|Any CPU
		Release|Any CPU = Release|Any CPU
	EndGlobalSection
	GlobalSection(ProjectConfigurationPlatforms) = postSolution
		{7E092C93-D2D7-43BC-9D11-A241CD571AF1}.Debug|Any CPU.ActiveCfg = Debug|Any CPU
		{7E092C93-D2D7-43BC-9D11-A241CD571AF1}.Debug|Any CPU.Build.0 = Debug|Any CPU
		{7E092C93-D2D7-43BC-9D11-A241CD571AF1}.Release|Any CPU.ActiveCfg = Release|Any CPU
		{7E092C93-D2D7-43BC-9D11-A241CD571AF1}.Release|Any CPU.Build.0 = Release|Any CPU
	EndGlobalSection
	GlobalSection(SolutionProperties) = preSolution
		HideSolutionNode = FALSE
	EndGlobalSection
	GlobalSection(ExtensibilityGlobals) = postSolution
		SolutionGuid = {275A01CD-E337-4B77-B1F9-A7FADD266EDF}
	EndGlobalSection
EndGlobal
