
Microsoft Visual Studio Solution File, Format Version 12.00
# Visual Studio Version 16
VisualStudioVersion = 16.0.30621.155
MinimumVisualStudioVersion = 10.0.40219.1
Project("{FAE04EC0-301F-11D3-BF4B-00C04F79EFBC}") = "Synonyms", "Synonyms\Synonyms.csproj", "{52948D75-D633-417B-97A2-35EF1D2BCA83}"
EndProject
Global
	GlobalSection(SolutionConfigurationPlatforms) = preSolution
		Debug|Any CPU = Debug|Any CPU
		Release|Any CPU = Release|Any CPU
	EndGlobalSection
	GlobalSection(ProjectConfigurationPlatforms) = postSolution
		{52948D75-D633-417B-97A2-35EF1D2BCA83}.Debug|Any CPU.ActiveCfg = Debug|Any CPU
		{52948D75-D633-417B-97A2-35EF1D2BCA83}.Debug|Any CPU.Build.0 = Debug|Any CPU
		{52948D75-D633-417B-97A2-35EF1D2BCA83}.Release|Any CPU.ActiveCfg = Release|Any CPU
		{52948D75-D633-417B-97A2-35EF1D2BCA83}.Release|Any CPU.Build.0 = Release|Any CPU
	EndGlobalSection
	GlobalSection(SolutionProperties) = preSolution
		HideSolutionNode = FALSE
	EndGlobalSection
	GlobalSection(ExtensibilityGlobals) = postSolution
		SolutionGuid = {37EF5666-B7B1-43C8-9C16-943C2EC66D3D}
	EndGlobalSection
EndGlobal
