
Microsoft Visual Studio Solution File, Format Version 12.00
# Visual Studio Version 16
VisualStudioVersion = 16.0.29806.167
MinimumVisualStudioVersion = 10.0.40219.1
Project("{FAE04EC0-301F-11D3-BF4B-00C04F79EFBC}") = "Aquarium_Volume", "Aquarium_Volume\Aquarium_Volume.csproj", "{ED881C28-F70C-4ACC-8233-8BB76BBF603E}"
EndProject
Global
	GlobalSection(SolutionConfigurationPlatforms) = preSolution
		Debug|Any CPU = Debug|Any CPU
		Release|Any CPU = Release|Any CPU
	EndGlobalSection
	GlobalSection(ProjectConfigurationPlatforms) = postSolution
		{ED881C28-F70C-4ACC-8233-8BB76BBF603E}.Debug|Any CPU.ActiveCfg = Debug|Any CPU
		{ED881C28-F70C-4ACC-8233-8BB76BBF603E}.Debug|Any CPU.Build.0 = Debug|Any CPU
		{ED881C28-F70C-4ACC-8233-8BB76BBF603E}.Release|Any CPU.ActiveCfg = Release|Any CPU
		{ED881C28-F70C-4ACC-8233-8BB76BBF603E}.Release|Any CPU.Build.0 = Release|Any CPU
	EndGlobalSection
	GlobalSection(SolutionProperties) = preSolution
		HideSolutionNode = FALSE
	EndGlobalSection
	GlobalSection(ExtensibilityGlobals) = postSolution
		SolutionGuid = {8C6F4E08-146B-4E4B-8AAD-643F71B27CAC}
	EndGlobalSection
EndGlobal
