
Microsoft Visual Studio Solution File, Format Version 12.00
# Visual Studio Version 16
VisualStudioVersion = 16.0.30011.22
MinimumVisualStudioVersion = 10.0.40219.1
Project("{FAE04EC0-301F-11D3-BF4B-00C04F79EFBC}") = "InLineIf", "InLineIf\InLineIf.csproj", "{A7BD74B4-21F1-4C51-9D68-FDA13DCAD451}"
EndProject
Global
	GlobalSection(SolutionConfigurationPlatforms) = preSolution
		Debug|Any CPU = Debug|Any CPU
		Release|Any CPU = Release|Any CPU
	EndGlobalSection
	GlobalSection(ProjectConfigurationPlatforms) = postSolution
		{A7BD74B4-21F1-4C51-9D68-FDA13DCAD451}.Debug|Any CPU.ActiveCfg = Debug|Any CPU
		{A7BD74B4-21F1-4C51-9D68-FDA13DCAD451}.Debug|Any CPU.Build.0 = Debug|Any CPU
		{A7BD74B4-21F1-4C51-9D68-FDA13DCAD451}.Release|Any CPU.ActiveCfg = Release|Any CPU
		{A7BD74B4-21F1-4C51-9D68-FDA13DCAD451}.Release|Any CPU.Build.0 = Release|Any CPU
	EndGlobalSection
	GlobalSection(SolutionProperties) = preSolution
		HideSolutionNode = FALSE
	EndGlobalSection
	GlobalSection(ExtensibilityGlobals) = postSolution
		SolutionGuid = {D95702E6-8797-47CB-934F-6AD99B76EBB0}
	EndGlobalSection
EndGlobal
