
Microsoft Visual Studio Solution File, Format Version 12.00
# Visual Studio Version 16
VisualStudioVersion = 16.0.30621.155
MinimumVisualStudioVersion = 10.0.40219.1
Project("{FAE04EC0-301F-11D3-BF4B-00C04F79EFBC}") = "TopIntegers", "TopIntegers\TopIntegers.csproj", "{9B143B52-FA19-4CC7-997C-7AE6A9EB97EF}"
EndProject
Global
	GlobalSection(SolutionConfigurationPlatforms) = preSolution
		Debug|Any CPU = Debug|Any CPU
		Release|Any CPU = Release|Any CPU
	EndGlobalSection
	GlobalSection(ProjectConfigurationPlatforms) = postSolution
		{9B143B52-FA19-4CC7-997C-7AE6A9EB97EF}.Debug|Any CPU.ActiveCfg = Debug|Any CPU
		{9B143B52-FA19-4CC7-997C-7AE6A9EB97EF}.Debug|Any CPU.Build.0 = Debug|Any CPU
		{9B143B52-FA19-4CC7-997C-7AE6A9EB97EF}.Release|Any CPU.ActiveCfg = Release|Any CPU
		{9B143B52-FA19-4CC7-997C-7AE6A9EB97EF}.Release|Any CPU.Build.0 = Release|Any CPU
	EndGlobalSection
	GlobalSection(SolutionProperties) = preSolution
		HideSolutionNode = FALSE
	EndGlobalSection
	GlobalSection(ExtensibilityGlobals) = postSolution
		SolutionGuid = {7EE16853-7243-4F84-A68D-5DB815048541}
	EndGlobalSection
EndGlobal
