
Microsoft Visual Studio Solution File, Format Version 12.00
# Visual Studio Version 16
VisualStudioVersion = 16.0.31112.23
MinimumVisualStudioVersion = 10.0.40219.1
Project("{FAE04EC0-301F-11D3-BF4B-00C04F79EFBC}") = "Newspaper", "Newspaper\Newspaper.csproj", "{ED882482-A64D-447B-B31E-E0E0DA465CD7}"
EndProject
Global
	GlobalSection(SolutionConfigurationPlatforms) = preSolution
		Debug|Any CPU = Debug|Any CPU
		Release|Any CPU = Release|Any CPU
	EndGlobalSection
	GlobalSection(ProjectConfigurationPlatforms) = postSolution
		{ED882482-A64D-447B-B31E-E0E0DA465CD7}.Debug|Any CPU.ActiveCfg = Debug|Any CPU
		{ED882482-A64D-447B-B31E-E0E0DA465CD7}.Debug|Any CPU.Build.0 = Debug|Any CPU
		{ED882482-A64D-447B-B31E-E0E0DA465CD7}.Release|Any CPU.ActiveCfg = Release|Any CPU
		{ED882482-A64D-447B-B31E-E0E0DA465CD7}.Release|Any CPU.Build.0 = Release|Any CPU
	EndGlobalSection
	GlobalSection(SolutionProperties) = preSolution
		HideSolutionNode = FALSE
	EndGlobalSection
	GlobalSection(ExtensibilityGlobals) = postSolution
		SolutionGuid = {A55E5468-FDB9-4E18-9804-4EA0BF81E1A7}
	EndGlobalSection
EndGlobal
