
Microsoft Visual Studio Solution File, Format Version 12.00
# Visual Studio Version 16
VisualStudioVersion = 16.0.31112.23
MinimumVisualStudioVersion = 10.0.40219.1
Project("{FAE04EC0-301F-11D3-BF4B-00C04F79EFBC}") = "SetsOfElements", "SetsOfElements\SetsOfElements.csproj", "{37F2B771-C093-4618-9CC1-1AF33227CCFF}"
EndProject
Global
	GlobalSection(SolutionConfigurationPlatforms) = preSolution
		Debug|Any CPU = Debug|Any CPU
		Release|Any CPU = Release|Any CPU
	EndGlobalSection
	GlobalSection(ProjectConfigurationPlatforms) = postSolution
		{37F2B771-C093-4618-9CC1-1AF33227CCFF}.Debug|Any CPU.ActiveCfg = Debug|Any CPU
		{37F2B771-C093-4618-9CC1-1AF33227CCFF}.Debug|Any CPU.Build.0 = Debug|Any CPU
		{37F2B771-C093-4618-9CC1-1AF33227CCFF}.Release|Any CPU.ActiveCfg = Release|Any CPU
		{37F2B771-C093-4618-9CC1-1AF33227CCFF}.Release|Any CPU.Build.0 = Release|Any CPU
	EndGlobalSection
	GlobalSection(SolutionProperties) = preSolution
		HideSolutionNode = FALSE
	EndGlobalSection
	GlobalSection(ExtensibilityGlobals) = postSolution
		SolutionGuid = {F5F6614B-0918-4B04-A2B7-3AA962B62235}
	EndGlobalSection
EndGlobal
