
Microsoft Visual Studio Solution File, Format Version 12.00
# Visual Studio Version 16
VisualStudioVersion = 16.0.30621.155
MinimumVisualStudioVersion = 10.0.40219.1
Project("{FAE04EC0-301F-11D3-BF4B-00C04F79EFBC}") = "OddOccurrenses", "OddOccurrenses\OddOccurrenses.csproj", "{3B0AF1B5-9F7E-4E22-928D-D9BA2E018EB9}"
EndProject
Global
	GlobalSection(SolutionConfigurationPlatforms) = preSolution
		Debug|Any CPU = Debug|Any CPU
		Release|Any CPU = Release|Any CPU
	EndGlobalSection
	GlobalSection(ProjectConfigurationPlatforms) = postSolution
		{3B0AF1B5-9F7E-4E22-928D-D9BA2E018EB9}.Debug|Any CPU.ActiveCfg = Debug|Any CPU
		{3B0AF1B5-9F7E-4E22-928D-D9BA2E018EB9}.Debug|Any CPU.Build.0 = Debug|Any CPU
		{3B0AF1B5-9F7E-4E22-928D-D9BA2E018EB9}.Release|Any CPU.ActiveCfg = Release|Any CPU
		{3B0AF1B5-9F7E-4E22-928D-D9BA2E018EB9}.Release|Any CPU.Build.0 = Release|Any CPU
	EndGlobalSection
	GlobalSection(SolutionProperties) = preSolution
		HideSolutionNode = FALSE
	EndGlobalSection
	GlobalSection(ExtensibilityGlobals) = postSolution
		SolutionGuid = {799B4468-185F-4ED0-BC6A-E11D723EF74D}
	EndGlobalSection
EndGlobal
