
Microsoft Visual Studio Solution File, Format Version 12.00
# Visual Studio Version 16
VisualStudioVersion = 16.0.29926.136
MinimumVisualStudioVersion = 10.0.40219.1
Project("{FAE04EC0-301F-11D3-BF4B-00C04F79EFBC}") = "Max_Number", "Max_Number\Max_Number.csproj", "{04D4B85F-FCB3-4AC9-B7D0-FBB690050225}"
EndProject
Global
	GlobalSection(SolutionConfigurationPlatforms) = preSolution
		Debug|Any CPU = Debug|Any CPU
		Release|Any CPU = Release|Any CPU
	EndGlobalSection
	GlobalSection(ProjectConfigurationPlatforms) = postSolution
		{04D4B85F-FCB3-4AC9-B7D0-FBB690050225}.Debug|Any CPU.ActiveCfg = Debug|Any CPU
		{04D4B85F-FCB3-4AC9-B7D0-FBB690050225}.Debug|Any CPU.Build.0 = Debug|Any CPU
		{04D4B85F-FCB3-4AC9-B7D0-FBB690050225}.Release|Any CPU.ActiveCfg = Release|Any CPU
		{04D4B85F-FCB3-4AC9-B7D0-FBB690050225}.Release|Any CPU.Build.0 = Release|Any CPU
	EndGlobalSection
	GlobalSection(SolutionProperties) = preSolution
		HideSolutionNode = FALSE
	EndGlobalSection
	GlobalSection(ExtensibilityGlobals) = postSolution
		SolutionGuid = {63E22B6F-4ED5-47D1-9B50-217213F5C2CA}
	EndGlobalSection
EndGlobal
