
Microsoft Visual Studio Solution File, Format Version 12.00
# Visual Studio Version 17
VisualStudioVersion = 17.2.32616.157
MinimumVisualStudioVersion = 10.0.40219.1
Project("{9A19103F-16F7-4668-BE54-9A1E7A4F7556}") = "OneToOne", "OneToOne\OneToOne.csproj", "{3DB24C18-4BDC-4287-B921-663CF9E363F3}"
EndProject
Project("{FAE04EC0-301F-11D3-BF4B-00C04F79EFBC}") = "OneToMany", "OneToMany\OneToMany.csproj", "{B7216B1E-93A0-4AD1-B832-A0F8A200AD88}"
EndProject
Global
	GlobalSection(SolutionConfigurationPlatforms) = preSolution
		Debug|Any CPU = Debug|Any CPU
		Release|Any CPU = Release|Any CPU
	EndGlobalSection
	GlobalSection(ProjectConfigurationPlatforms) = postSolution
		{3DB24C18-4BDC-4287-B921-663CF9E363F3}.Debug|Any CPU.ActiveCfg = Debug|Any CPU
		{3DB24C18-4BDC-4287-B921-663CF9E363F3}.Debug|Any CPU.Build.0 = Debug|Any CPU
		{3DB24C18-4BDC-4287-B921-663CF9E363F3}.Release|Any CPU.ActiveCfg = Release|Any CPU
		{3DB24C18-4BDC-4287-B921-663CF9E363F3}.Release|Any CPU.Build.0 = Release|Any CPU
		{B7216B1E-93A0-4AD1-B832-A0F8A200AD88}.Debug|Any CPU.ActiveCfg = Debug|Any CPU
		{B7216B1E-93A0-4AD1-B832-A0F8A200AD88}.Debug|Any CPU.Build.0 = Debug|Any CPU
		{B7216B1E-93A0-4AD1-B832-A0F8A200AD88}.Release|Any CPU.ActiveCfg = Release|Any CPU
		{B7216B1E-93A0-4AD1-B832-A0F8A200AD88}.Release|Any CPU.Build.0 = Release|Any CPU
	EndGlobalSection
	GlobalSection(SolutionProperties) = preSolution
		HideSolutionNode = FALSE
	EndGlobalSection
	GlobalSection(ExtensibilityGlobals) = postSolution
		SolutionGuid = {098EAB69-53C6-45C5-87DC-784B2B2E628D}
	EndGlobalSection
EndGlobal
