
Microsoft Visual Studio Solution File, Format Version 12.00
# Visual Studio Version 16
VisualStudioVersion = 16.0.30011.22
MinimumVisualStudioVersion = 10.0.40219.1
Project("{FAE04EC0-301F-11D3-BF4B-00C04F79EFBC}") = "Building", "Building\Building.csproj", "{8C4FF16A-31DC-4259-8658-BE3DEFCB38DC}"
EndProject
Global
	GlobalSection(SolutionConfigurationPlatforms) = preSolution
		Debug|Any CPU = Debug|Any CPU
		Release|Any CPU = Release|Any CPU
	EndGlobalSection
	GlobalSection(ProjectConfigurationPlatforms) = postSolution
		{8C4FF16A-31DC-4259-8658-BE3DEFCB38DC}.Debug|Any CPU.ActiveCfg = Debug|Any CPU
		{8C4FF16A-31DC-4259-8658-BE3DEFCB38DC}.Debug|Any CPU.Build.0 = Debug|Any CPU
		{8C4FF16A-31DC-4259-8658-BE3DEFCB38DC}.Release|Any CPU.ActiveCfg = Release|Any CPU
		{8C4FF16A-31DC-4259-8658-BE3DEFCB38DC}.Release|Any CPU.Build.0 = Release|Any CPU
	EndGlobalSection
	GlobalSection(SolutionProperties) = preSolution
		HideSolutionNode = FALSE
	EndGlobalSection
	GlobalSection(ExtensibilityGlobals) = postSolution
		SolutionGuid = {2C914093-AB65-4366-951E-B04FD2F34903}
	EndGlobalSection
EndGlobal
