
Microsoft Visual Studio Solution File, Format Version 12.00
# Visual Studio Version 16
VisualStudioVersion = 16.0.31112.23
MinimumVisualStudioVersion = 10.0.40219.1
Project("{FAE04EC0-301F-11D3-BF4B-00C04F79EFBC}") = "EasterEggs", "EasterEggs\EasterEggs.csproj", "{13E4F97B-BB00-4A16-912B-638B355F27BE}"
EndProject
Global
	GlobalSection(SolutionConfigurationPlatforms) = preSolution
		Debug|Any CPU = Debug|Any CPU
		Release|Any CPU = Release|Any CPU
	EndGlobalSection
	GlobalSection(ProjectConfigurationPlatforms) = postSolution
		{13E4F97B-BB00-4A16-912B-638B355F27BE}.Debug|Any CPU.ActiveCfg = Debug|Any CPU
		{13E4F97B-BB00-4A16-912B-638B355F27BE}.Debug|Any CPU.Build.0 = Debug|Any CPU
		{13E4F97B-BB00-4A16-912B-638B355F27BE}.Release|Any CPU.ActiveCfg = Release|Any CPU
		{13E4F97B-BB00-4A16-912B-638B355F27BE}.Release|Any CPU.Build.0 = Release|Any CPU
	EndGlobalSection
	GlobalSection(SolutionProperties) = preSolution
		HideSolutionNode = FALSE
	EndGlobalSection
	GlobalSection(ExtensibilityGlobals) = postSolution
		SolutionGuid = {A855F140-C90D-4F14-B3F9-EEB762524EB4}
	EndGlobalSection
EndGlobal
