
Microsoft Visual Studio Solution File, Format Version 12.00
# Visual Studio Version 17
VisualStudioVersion = 17.4.33103.184
MinimumVisualStudioVersion = 10.0.40219.1
Project("{FAE04EC0-301F-11D3-BF4B-00C04F79EFBC}") = "ClassesEmployee", "1. Employees\ClassesEmployee.csproj", "{097F497C-8D99-4AAF-8DF6-62FA18431EF8}"
EndProject
Global
	GlobalSection(SolutionConfigurationPlatforms) = preSolution
		Debug|Any CPU = Debug|Any CPU
		Release|Any CPU = Release|Any CPU
	EndGlobalSection
	GlobalSection(ProjectConfigurationPlatforms) = postSolution
		{097F497C-8D99-4AAF-8DF6-62FA18431EF8}.Debug|Any CPU.ActiveCfg = Debug|Any CPU
		{097F497C-8D99-4AAF-8DF6-62FA18431EF8}.Debug|Any CPU.Build.0 = Debug|Any CPU
		{097F497C-8D99-4AAF-8DF6-62FA18431EF8}.Release|Any CPU.ActiveCfg = Release|Any CPU
		{097F497C-8D99-4AAF-8DF6-62FA18431EF8}.Release|Any CPU.Build.0 = Release|Any CPU
	EndGlobalSection
	GlobalSection(SolutionProperties) = preSolution
		HideSolutionNode = FALSE
	EndGlobalSection
	GlobalSection(ExtensibilityGlobals) = postSolution
		SolutionGuid = {B8774613-94D7-4DE2-AB0A-F1921232FC0A}
	EndGlobalSection
EndGlobal
