
Microsoft Visual Studio Solution File, Format Version 12.00
# Visual Studio Version 16
VisualStudioVersion = 16.0.30011.22
MinimumVisualStudioVersion = 10.0.40219.1
Project("{FAE04EC0-301F-11D3-BF4B-00C04F79EFBC}") = "StarRhombus", "StarRhombus\StarRhombus.csproj", "{41A8EFB7-FF02-4A09-9C0D-A9CF62C03844}"
EndProject
Global
	GlobalSection(SolutionConfigurationPlatforms) = preSolution
		Debug|Any CPU = Debug|Any CPU
		Release|Any CPU = Release|Any CPU
	EndGlobalSection
	GlobalSection(ProjectConfigurationPlatforms) = postSolution
		{41A8EFB7-FF02-4A09-9C0D-A9CF62C03844}.Debug|Any CPU.ActiveCfg = Debug|Any CPU
		{41A8EFB7-FF02-4A09-9C0D-A9CF62C03844}.Debug|Any CPU.Build.0 = Debug|Any CPU
		{41A8EFB7-FF02-4A09-9C0D-A9CF62C03844}.Release|Any CPU.ActiveCfg = Release|Any CPU
		{41A8EFB7-FF02-4A09-9C0D-A9CF62C03844}.Release|Any CPU.Build.0 = Release|Any CPU
	EndGlobalSection
	GlobalSection(SolutionProperties) = preSolution
		HideSolutionNode = FALSE
	EndGlobalSection
	GlobalSection(ExtensibilityGlobals) = postSolution
		SolutionGuid = {C30035F6-BDA6-48D8-99AE-1BA0DBE3F1C7}
	EndGlobalSection
EndGlobal
