
Microsoft Visual Studio Solution File, Format Version 12.00
# Visual Studio Version 16
VisualStudioVersion = 16.0.30621.155
MinimumVisualStudioVersion = 10.0.40219.1
Project("{FAE04EC0-301F-11D3-BF4B-00C04F79EFBC}") = "ArrayRotation", "ArrayRotation\ArrayRotation.csproj", "{0A094768-17EE-4A81-BFF3-E056DD9CDDE2}"
EndProject
Global
	GlobalSection(SolutionConfigurationPlatforms) = preSolution
		Debug|Any CPU = Debug|Any CPU
		Release|Any CPU = Release|Any CPU
	EndGlobalSection
	GlobalSection(ProjectConfigurationPlatforms) = postSolution
		{0A094768-17EE-4A81-BFF3-E056DD9CDDE2}.Debug|Any CPU.ActiveCfg = Debug|Any CPU
		{0A094768-17EE-4A81-BFF3-E056DD9CDDE2}.Debug|Any CPU.Build.0 = Debug|Any CPU
		{0A094768-17EE-4A81-BFF3-E056DD9CDDE2}.Release|Any CPU.ActiveCfg = Release|Any CPU
		{0A094768-17EE-4A81-BFF3-E056DD9CDDE2}.Release|Any CPU.Build.0 = Release|Any CPU
	EndGlobalSection
	GlobalSection(SolutionProperties) = preSolution
		HideSolutionNode = FALSE
	EndGlobalSection
	GlobalSection(ExtensibilityGlobals) = postSolution
		SolutionGuid = {FE4F6371-7AD8-4FA8-9D22-556DA8855B3F}
	EndGlobalSection
EndGlobal
