
Microsoft Visual Studio Solution File, Format Version 12.00
# Visual Studio Version 16
VisualStudioVersion = 16.0.30804.86
MinimumVisualStudioVersion = 10.0.40219.1
Project("{FAE04EC0-301F-11D3-BF4B-00C04F79EFBC}") = "CountOfCharsAppearing", "CountOfCharsAppearing\CountOfCharsAppearing.csproj", "{B240C150-3EB4-4159-A1D2-3DF8AF0516BC}"
EndProject
Global
	GlobalSection(SolutionConfigurationPlatforms) = preSolution
		Debug|Any CPU = Debug|Any CPU
		Release|Any CPU = Release|Any CPU
	EndGlobalSection
	GlobalSection(ProjectConfigurationPlatforms) = postSolution
		{B240C150-3EB4-4159-A1D2-3DF8AF0516BC}.Debug|Any CPU.ActiveCfg = Debug|Any CPU
		{B240C150-3EB4-4159-A1D2-3DF8AF0516BC}.Debug|Any CPU.Build.0 = Debug|Any CPU
		{B240C150-3EB4-4159-A1D2-3DF8AF0516BC}.Release|Any CPU.ActiveCfg = Release|Any CPU
		{B240C150-3EB4-4159-A1D2-3DF8AF0516BC}.Release|Any CPU.Build.0 = Release|Any CPU
	EndGlobalSection
	GlobalSection(SolutionProperties) = preSolution
		HideSolutionNode = FALSE
	EndGlobalSection
	GlobalSection(ExtensibilityGlobals) = postSolution
		SolutionGuid = {808BFA97-965F-4F9E-9DC2-9EE719113728}
	EndGlobalSection
EndGlobal
