
Microsoft Visual Studio Solution File, Format Version 12.00
# Visual Studio Version 16
VisualStudioVersion = 16.0.31005.135
MinimumVisualStudioVersion = 10.0.40219.1
Project("{FAE04EC0-301F-11D3-BF4B-00C04F79EFBC}") = "MatchFullName", "MatchFullName\MatchFullName.csproj", "{5FE53274-D355-43DD-BBA3-95397B077FF0}"
EndProject
Global
	GlobalSection(SolutionConfigurationPlatforms) = preSolution
		Debug|Any CPU = Debug|Any CPU
		Release|Any CPU = Release|Any CPU
	EndGlobalSection
	GlobalSection(ProjectConfigurationPlatforms) = postSolution
		{5FE53274-D355-43DD-BBA3-95397B077FF0}.Debug|Any CPU.ActiveCfg = Debug|Any CPU
		{5FE53274-D355-43DD-BBA3-95397B077FF0}.Debug|Any CPU.Build.0 = Debug|Any CPU
		{5FE53274-D355-43DD-BBA3-95397B077FF0}.Release|Any CPU.ActiveCfg = Release|Any CPU
		{5FE53274-D355-43DD-BBA3-95397B077FF0}.Release|Any CPU.Build.0 = Release|Any CPU
	EndGlobalSection
	GlobalSection(SolutionProperties) = preSolution
		HideSolutionNode = FALSE
	EndGlobalSection
	GlobalSection(ExtensibilityGlobals) = postSolution
		SolutionGuid = {02FD7A52-767A-4C8F-97F3-4F0F584441F1}
	EndGlobalSection
EndGlobal
