
Microsoft Visual Studio Solution File, Format Version 12.00
# Visual Studio Version 16
VisualStudioVersion = 16.0.30621.155
MinimumVisualStudioVersion = 10.0.40219.1
Project("{FAE04EC0-301F-11D3-BF4B-00C04F79EFBC}") = "SumOfChars", "SumOfChars\SumOfChars.csproj", "{7E533C80-6F30-404F-AAE0-E244B88E6499}"
EndProject
Global
	GlobalSection(SolutionConfigurationPlatforms) = preSolution
		Debug|Any CPU = Debug|Any CPU
		Release|Any CPU = Release|Any CPU
	EndGlobalSection
	GlobalSection(ProjectConfigurationPlatforms) = postSolution
		{7E533C80-6F30-404F-AAE0-E244B88E6499}.Debug|Any CPU.ActiveCfg = Debug|Any CPU
		{7E533C80-6F30-404F-AAE0-E244B88E6499}.Debug|Any CPU.Build.0 = Debug|Any CPU
		{7E533C80-6F30-404F-AAE0-E244B88E6499}.Release|Any CPU.ActiveCfg = Release|Any CPU
		{7E533C80-6F30-404F-AAE0-E244B88E6499}.Release|Any CPU.Build.0 = Release|Any CPU
	EndGlobalSection
	GlobalSection(SolutionProperties) = preSolution
		HideSolutionNode = FALSE
	EndGlobalSection
	GlobalSection(ExtensibilityGlobals) = postSolution
		SolutionGuid = {185A4EC1-8797-475D-B6C5-122135D84D57}
	EndGlobalSection
EndGlobal
