
Microsoft Visual Studio Solution File, Format Version 12.00
# Visual Studio Version 16
VisualStudioVersion = 16.0.30011.22
MinimumVisualStudioVersion = 10.0.40219.1
Project("{FAE04EC0-301F-11D3-BF4B-00C04F79EFBC}") = "Sum_PrevNum", "Sum_PrevNum\Sum_PrevNum.csproj", "{A947BFED-2492-4D9A-A183-7528155748B7}"
EndProject
Global
	GlobalSection(SolutionConfigurationPlatforms) = preSolution
		Debug|Any CPU = Debug|Any CPU
		Release|Any CPU = Release|Any CPU
	EndGlobalSection
	GlobalSection(ProjectConfigurationPlatforms) = postSolution
		{A947BFED-2492-4D9A-A183-7528155748B7}.Debug|Any CPU.ActiveCfg = Debug|Any CPU
		{A947BFED-2492-4D9A-A183-7528155748B7}.Debug|Any CPU.Build.0 = Debug|Any CPU
		{A947BFED-2492-4D9A-A183-7528155748B7}.Release|Any CPU.ActiveCfg = Release|Any CPU
		{A947BFED-2492-4D9A-A183-7528155748B7}.Release|Any CPU.Build.0 = Release|Any CPU
	EndGlobalSection
	GlobalSection(SolutionProperties) = preSolution
		HideSolutionNode = FALSE
	EndGlobalSection
	GlobalSection(ExtensibilityGlobals) = postSolution
		SolutionGuid = {5A172335-5ED4-4AB7-91A5-C77D692F478D}
	EndGlobalSection
EndGlobal
