
Microsoft Visual Studio Solution File, Format Version 12.00
# Visual Studio Version 16
VisualStudioVersion = 16.0.30011.22
MinimumVisualStudioVersion = 10.0.40219.1
Project("{FAE04EC0-301F-11D3-BF4B-00C04F79EFBC}") = "MultiplicatonSign", "MultiplicatonSign\MultiplicatonSign.csproj", "{2CBE0CC1-EE07-4BAD-9491-CE1CD703D9A6}"
EndProject
Global
	GlobalSection(SolutionConfigurationPlatforms) = preSolution
		Debug|Any CPU = Debug|Any CPU
		Release|Any CPU = Release|Any CPU
	EndGlobalSection
	GlobalSection(ProjectConfigurationPlatforms) = postSolution
		{2CBE0CC1-EE07-4BAD-9491-CE1CD703D9A6}.Debug|Any CPU.ActiveCfg = Debug|Any CPU
		{2CBE0CC1-EE07-4BAD-9491-CE1CD703D9A6}.Debug|Any CPU.Build.0 = Debug|Any CPU
		{2CBE0CC1-EE07-4BAD-9491-CE1CD703D9A6}.Release|Any CPU.ActiveCfg = Release|Any CPU
		{2CBE0CC1-EE07-4BAD-9491-CE1CD703D9A6}.Release|Any CPU.Build.0 = Release|Any CPU
	EndGlobalSection
	GlobalSection(SolutionProperties) = preSolution
		HideSolutionNode = FALSE
	EndGlobalSection
	GlobalSection(ExtensibilityGlobals) = postSolution
		SolutionGuid = {5786BA62-5E24-4AEB-A330-D877575436CF}
	EndGlobalSection
EndGlobal
