
Microsoft Visual Studio Solution File, Format Version 12.00
# Visual Studio Version 16
VisualStudioVersion = 16.0.30621.155
MinimumVisualStudioVersion = 10.0.40219.1
Project("{FAE04EC0-301F-11D3-BF4B-00C04F79EFBC}") = "WaterOverflow", "WaterOverflow\WaterOverflow.csproj", "{F78A106D-6A87-4752-9B7E-1FA635F3E5B9}"
EndProject
Global
	GlobalSection(SolutionConfigurationPlatforms) = preSolution
		Debug|Any CPU = Debug|Any CPU
		Release|Any CPU = Release|Any CPU
	EndGlobalSection
	GlobalSection(ProjectConfigurationPlatforms) = postSolution
		{F78A106D-6A87-4752-9B7E-1FA635F3E5B9}.Debug|Any CPU.ActiveCfg = Debug|Any CPU
		{F78A106D-6A87-4752-9B7E-1FA635F3E5B9}.Debug|Any CPU.Build.0 = Debug|Any CPU
		{F78A106D-6A87-4752-9B7E-1FA635F3E5B9}.Release|Any CPU.ActiveCfg = Release|Any CPU
		{F78A106D-6A87-4752-9B7E-1FA635F3E5B9}.Release|Any CPU.Build.0 = Release|Any CPU
	EndGlobalSection
	GlobalSection(SolutionProperties) = preSolution
		HideSolutionNode = FALSE
	EndGlobalSection
	GlobalSection(ExtensibilityGlobals) = postSolution
		SolutionGuid = {B3D83609-6D5B-4B15-897B-8E9B5124CF8A}
	EndGlobalSection
EndGlobal
