
Microsoft Visual Studio Solution File, Format Version 12.00
# Visual Studio Version 16
VisualStudioVersion = 16.0.31112.23
MinimumVisualStudioVersion = 10.0.40219.1
Project("{FAE04EC0-301F-11D3-BF4B-00C04F79EFBC}") = "RandomizeCards", "RandomizeCards\RandomizeCards.csproj", "{839EAE4F-BE59-497F-BD73-8E13CEF1B375}"
EndProject
Global
	GlobalSection(SolutionConfigurationPlatforms) = preSolution
		Debug|Any CPU = Debug|Any CPU
		Release|Any CPU = Release|Any CPU
	EndGlobalSection
	GlobalSection(ProjectConfigurationPlatforms) = postSolution
		{839EAE4F-BE59-497F-BD73-8E13CEF1B375}.Debug|Any CPU.ActiveCfg = Debug|Any CPU
		{839EAE4F-BE59-497F-BD73-8E13CEF1B375}.Debug|Any CPU.Build.0 = Debug|Any CPU
		{839EAE4F-BE59-497F-BD73-8E13CEF1B375}.Release|Any CPU.ActiveCfg = Release|Any CPU
		{839EAE4F-BE59-497F-BD73-8E13CEF1B375}.Release|Any CPU.Build.0 = Release|Any CPU
	EndGlobalSection
	GlobalSection(SolutionProperties) = preSolution
		HideSolutionNode = FALSE
	EndGlobalSection
	GlobalSection(ExtensibilityGlobals) = postSolution
		SolutionGuid = {92C54E11-9193-4FF1-9C1A-0E0955B894A1}
	EndGlobalSection
EndGlobal
