
Microsoft Visual Studio Solution File, Format Version 12.00
# Visual Studio Version 16
VisualStudioVersion = 16.0.30621.155
MinimumVisualStudioVersion = 10.0.40219.1
Project("{FAE04EC0-301F-11D3-BF4B-00C04F79EFBC}") = "BeerKegs", "BeerKegs\BeerKegs.csproj", "{4A4DC25E-AD6A-4F98-AC13-EE5C0356BECD}"
EndProject
Global
	GlobalSection(SolutionConfigurationPlatforms) = preSolution
		Debug|Any CPU = Debug|Any CPU
		Release|Any CPU = Release|Any CPU
	EndGlobalSection
	GlobalSection(ProjectConfigurationPlatforms) = postSolution
		{4A4DC25E-AD6A-4F98-AC13-EE5C0356BECD}.Debug|Any CPU.ActiveCfg = Debug|Any CPU
		{4A4DC25E-AD6A-4F98-AC13-EE5C0356BECD}.Debug|Any CPU.Build.0 = Debug|Any CPU
		{4A4DC25E-AD6A-4F98-AC13-EE5C0356BECD}.Release|Any CPU.ActiveCfg = Release|Any CPU
		{4A4DC25E-AD6A-4F98-AC13-EE5C0356BECD}.Release|Any CPU.Build.0 = Release|Any CPU
	EndGlobalSection
	GlobalSection(SolutionProperties) = preSolution
		HideSolutionNode = FALSE
	EndGlobalSection
	GlobalSection(ExtensibilityGlobals) = postSolution
		SolutionGuid = {033D491D-EDD6-41C6-9A7A-3E03C9F12704}
	EndGlobalSection
EndGlobal
