
Microsoft Visual Studio Solution File, Format Version 12.00
# Visual Studio Version 16
VisualStudioVersion = 16.0.29926.136
MinimumVisualStudioVersion = 10.0.40219.1
Project("{FAE04EC0-301F-11D3-BF4B-00C04F79EFBC}") = "HighestNumber", "HighestNumber\HighestNumber.csproj", "{C1EF9980-4A0B-4D09-B1EF-B0EDBC20AA29}"
EndProject
Global
	GlobalSection(SolutionConfigurationPlatforms) = preSolution
		Debug|Any CPU = Debug|Any CPU
		Release|Any CPU = Release|Any CPU
	EndGlobalSection
	GlobalSection(ProjectConfigurationPlatforms) = postSolution
		{C1EF9980-4A0B-4D09-B1EF-B0EDBC20AA29}.Debug|Any CPU.ActiveCfg = Debug|Any CPU
		{C1EF9980-4A0B-4D09-B1EF-B0EDBC20AA29}.Debug|Any CPU.Build.0 = Debug|Any CPU
		{C1EF9980-4A0B-4D09-B1EF-B0EDBC20AA29}.Release|Any CPU.ActiveCfg = Release|Any CPU
		{C1EF9980-4A0B-4D09-B1EF-B0EDBC20AA29}.Release|Any CPU.Build.0 = Release|Any CPU
	EndGlobalSection
	GlobalSection(SolutionProperties) = preSolution
		HideSolutionNode = FALSE
	EndGlobalSection
	GlobalSection(ExtensibilityGlobals) = postSolution
		SolutionGuid = {E1C160B1-C14C-4506-9609-D95F38F585F2}
	EndGlobalSection
EndGlobal
