
Microsoft Visual Studio Solution File, Format Version 12.00
# Visual Studio Version 16
VisualStudioVersion = 16.0.30011.22
MinimumVisualStudioVersion = 10.0.40219.1
Project("{FAE04EC0-301F-11D3-BF4B-00C04F79EFBC}") = "WorldSnookerChampionship", "WorldSnookerChampionship\WorldSnookerChampionship.csproj", "{1E1EA9F9-F6C5-446C-B751-754E1AC8FEEB}"
EndProject
Global
	GlobalSection(SolutionConfigurationPlatforms) = preSolution
		Debug|Any CPU = Debug|Any CPU
		Release|Any CPU = Release|Any CPU
	EndGlobalSection
	GlobalSection(ProjectConfigurationPlatforms) = postSolution
		{1E1EA9F9-F6C5-446C-B751-754E1AC8FEEB}.Debug|Any CPU.ActiveCfg = Debug|Any CPU
		{1E1EA9F9-F6C5-446C-B751-754E1AC8FEEB}.Debug|Any CPU.Build.0 = Debug|Any CPU
		{1E1EA9F9-F6C5-446C-B751-754E1AC8FEEB}.Release|Any CPU.ActiveCfg = Release|Any CPU
		{1E1EA9F9-F6C5-446C-B751-754E1AC8FEEB}.Release|Any CPU.Build.0 = Release|Any CPU
	EndGlobalSection
	GlobalSection(SolutionProperties) = preSolution
		HideSolutionNode = FALSE
	EndGlobalSection
	GlobalSection(ExtensibilityGlobals) = postSolution
		SolutionGuid = {75651F82-7548-4C5C-9D8E-22D971EB55C6}
	EndGlobalSection
EndGlobal
