
Microsoft Visual Studio Solution File, Format Version 12.00
# Visual Studio Version 16
VisualStudioVersion = 16.0.30621.155
MinimumVisualStudioVersion = 10.0.40219.1
Project("{FAE04EC0-301F-11D3-BF4B-00C04F79EFBC}") = "CommonElements", "CommonElements\CommonElements.csproj", "{4AA69F2E-474D-4B79-A259-AD69E0BE3594}"
EndProject
Global
	GlobalSection(SolutionConfigurationPlatforms) = preSolution
		Debug|Any CPU = Debug|Any CPU
		Release|Any CPU = Release|Any CPU
	EndGlobalSection
	GlobalSection(ProjectConfigurationPlatforms) = postSolution
		{4AA69F2E-474D-4B79-A259-AD69E0BE3594}.Debug|Any CPU.ActiveCfg = Debug|Any CPU
		{4AA69F2E-474D-4B79-A259-AD69E0BE3594}.Debug|Any CPU.Build.0 = Debug|Any CPU
		{4AA69F2E-474D-4B79-A259-AD69E0BE3594}.Release|Any CPU.ActiveCfg = Release|Any CPU
		{4AA69F2E-474D-4B79-A259-AD69E0BE3594}.Release|Any CPU.Build.0 = Release|Any CPU
	EndGlobalSection
	GlobalSection(SolutionProperties) = preSolution
		HideSolutionNode = FALSE
	EndGlobalSection
	GlobalSection(ExtensibilityGlobals) = postSolution
		SolutionGuid = {91E0E3B7-CED5-44D0-AA30-853EDA7485DD}
	EndGlobalSection
EndGlobal
