
Microsoft Visual Studio Solution File, Format Version 12.00
# Visual Studio Version 16
VisualStudioVersion = 16.0.29806.167
MinimumVisualStudioVersion = 10.0.40219.1
Project("{FAE04EC0-301F-11D3-BF4B-00C04F79EFBC}") = "Animal_kingdom", "Animal_kingdom\Animal_kingdom.csproj", "{DBF8542D-F774-4E68-99C7-A833880F3F3C}"
EndProject
Global
	GlobalSection(SolutionConfigurationPlatforms) = preSolution
		Debug|Any CPU = Debug|Any CPU
		Release|Any CPU = Release|Any CPU
	EndGlobalSection
	GlobalSection(ProjectConfigurationPlatforms) = postSolution
		{DBF8542D-F774-4E68-99C7-A833880F3F3C}.Debug|Any CPU.ActiveCfg = Debug|Any CPU
		{DBF8542D-F774-4E68-99C7-A833880F3F3C}.Debug|Any CPU.Build.0 = Debug|Any CPU
		{DBF8542D-F774-4E68-99C7-A833880F3F3C}.Release|Any CPU.ActiveCfg = Release|Any CPU
		{DBF8542D-F774-4E68-99C7-A833880F3F3C}.Release|Any CPU.Build.0 = Release|Any CPU
	EndGlobalSection
	GlobalSection(SolutionProperties) = preSolution
		HideSolutionNode = FALSE
	EndGlobalSection
	GlobalSection(ExtensibilityGlobals) = postSolution
		SolutionGuid = {513E9C90-54AD-4BC5-B6C6-6AC63D1F9FE2}
	EndGlobalSection
EndGlobal
