
Microsoft Visual Studio Solution File, Format Version 12.00
# Visual Studio Version 16
VisualStudioVersion = 16.0.31112.23
MinimumVisualStudioVersion = 10.0.40219.1
Project("{FAE04EC0-301F-11D3-BF4B-00C04F79EFBC}") = "StackSum", "StackSum\StackSum.csproj", "{92A85786-6D44-4135-B76D-9F4D011B83CD}"
EndProject
Global
	GlobalSection(SolutionConfigurationPlatforms) = preSolution
		Debug|Any CPU = Debug|Any CPU
		Release|Any CPU = Release|Any CPU
	EndGlobalSection
	GlobalSection(ProjectConfigurationPlatforms) = postSolution
		{92A85786-6D44-4135-B76D-9F4D011B83CD}.Debug|Any CPU.ActiveCfg = Debug|Any CPU
		{92A85786-6D44-4135-B76D-9F4D011B83CD}.Debug|Any CPU.Build.0 = Debug|Any CPU
		{92A85786-6D44-4135-B76D-9F4D011B83CD}.Release|Any CPU.ActiveCfg = Release|Any CPU
		{92A85786-6D44-4135-B76D-9F4D011B83CD}.Release|Any CPU.Build.0 = Release|Any CPU
	EndGlobalSection
	GlobalSection(SolutionProperties) = preSolution
		HideSolutionNode = FALSE
	EndGlobalSection
	GlobalSection(ExtensibilityGlobals) = postSolution
		SolutionGuid = {ED5806D7-B258-4C87-96B7-0047963B64C1}
	EndGlobalSection
EndGlobal
