
Microsoft Visual Studio Solution File, Format Version 12.00
# Visual Studio Version 16
VisualStudioVersion = 16.0.30011.22
MinimumVisualStudioVersion = 10.0.40219.1
Project("{FAE04EC0-301F-11D3-BF4B-00C04F79EFBC}") = "Name_Wars", "Name_Wars\Name_Wars.csproj", "{DDBD2926-DA1E-4FD6-B727-7130BB6433E8}"
EndProject
Global
	GlobalSection(SolutionConfigurationPlatforms) = preSolution
		Debug|Any CPU = Debug|Any CPU
		Release|Any CPU = Release|Any CPU
	EndGlobalSection
	GlobalSection(ProjectConfigurationPlatforms) = postSolution
		{DDBD2926-DA1E-4FD6-B727-7130BB6433E8}.Debug|Any CPU.ActiveCfg = Debug|Any CPU
		{DDBD2926-DA1E-4FD6-B727-7130BB6433E8}.Debug|Any CPU.Build.0 = Debug|Any CPU
		{DDBD2926-DA1E-4FD6-B727-7130BB6433E8}.Release|Any CPU.ActiveCfg = Release|Any CPU
		{DDBD2926-DA1E-4FD6-B727-7130BB6433E8}.Release|Any CPU.Build.0 = Release|Any CPU
	EndGlobalSection
	GlobalSection(SolutionProperties) = preSolution
		HideSolutionNode = FALSE
	EndGlobalSection
	GlobalSection(ExtensibilityGlobals) = postSolution
		SolutionGuid = {369B025C-E803-42B0-9044-95780D3CB137}
	EndGlobalSection
EndGlobal
