
Microsoft Visual Studio Solution File, Format Version 12.00
# Visual Studio Version 17
VisualStudioVersion = 17.4.33103.184
MinimumVisualStudioVersion = 10.0.40219.1
Project("{FAE04EC0-301F-11D3-BF4B-00C04F79EFBC}") = "ChatApp", "ChatApp\ChatApp.csproj", "{98041DFD-FBB0-4C2D-9C4A-75D50285646C}"
EndProject
Global
	GlobalSection(SolutionConfigurationPlatforms) = preSolution
		Debug|Any CPU = Debug|Any CPU
		Release|Any CPU = Release|Any CPU
	EndGlobalSection
	GlobalSection(ProjectConfigurationPlatforms) = postSolution
		{98041DFD-FBB0-4C2D-9C4A-75D50285646C}.Debug|Any CPU.ActiveCfg = Debug|Any CPU
		{98041DFD-FBB0-4C2D-9C4A-75D50285646C}.Debug|Any CPU.Build.0 = Debug|Any CPU
		{98041DFD-FBB0-4C2D-9C4A-75D50285646C}.Release|Any CPU.ActiveCfg = Release|Any CPU
		{98041DFD-FBB0-4C2D-9C4A-75D50285646C}.Release|Any CPU.Build.0 = Release|Any CPU
	EndGlobalSection
	GlobalSection(SolutionProperties) = preSolution
		HideSolutionNode = FALSE
	EndGlobalSection
	GlobalSection(ExtensibilityGlobals) = postSolution
		SolutionGuid = {735D7718-B66C-420D-92E1-69AD04AD7F46}
	EndGlobalSection
EndGlobal
