
Microsoft Visual Studio Solution File, Format Version 12.00
# Visual Studio Version 16
VisualStudioVersion = 16.0.31112.23
MinimumVisualStudioVersion = 10.0.40219.1
Project("{FAE04EC0-301F-11D3-BF4B-00C04F79EFBC}") = "SnakeMoves", "SnakeMoves\SnakeMoves.csproj", "{15FAB262-7526-49F0-830F-B0F464F9150B}"
EndProject
Global
	GlobalSection(SolutionConfigurationPlatforms) = preSolution
		Debug|Any CPU = Debug|Any CPU
		Release|Any CPU = Release|Any CPU
	EndGlobalSection
	GlobalSection(ProjectConfigurationPlatforms) = postSolution
		{15FAB262-7526-49F0-830F-B0F464F9150B}.Debug|Any CPU.ActiveCfg = Debug|Any CPU
		{15FAB262-7526-49F0-830F-B0F464F9150B}.Debug|Any CPU.Build.0 = Debug|Any CPU
		{15FAB262-7526-49F0-830F-B0F464F9150B}.Release|Any CPU.ActiveCfg = Release|Any CPU
		{15FAB262-7526-49F0-830F-B0F464F9150B}.Release|Any CPU.Build.0 = Release|Any CPU
	EndGlobalSection
	GlobalSection(SolutionProperties) = preSolution
		HideSolutionNode = FALSE
	EndGlobalSection
	GlobalSection(ExtensibilityGlobals) = postSolution
		SolutionGuid = {37AEE010-0761-4CC0-937D-7176BCAD78F2}
	EndGlobalSection
EndGlobal
