
Microsoft Visual Studio Solution File, Format Version 12.00
# Visual Studio Version 16
VisualStudioVersion = 16.0.31112.23
MinimumVisualStudioVersion = 10.0.40219.1
Project("{FAE04EC0-301F-11D3-BF4B-00C04F79EFBC}") = "ReverseStrings", "ReverseStrings\ReverseStrings.csproj", "{CE1F3807-6A14-4DF9-84FF-3DCE6840AFB1}"
EndProject
Global
	GlobalSection(SolutionConfigurationPlatforms) = preSolution
		Debug|Any CPU = Debug|Any CPU
		Release|Any CPU = Release|Any CPU
	EndGlobalSection
	GlobalSection(ProjectConfigurationPlatforms) = postSolution
		{CE1F3807-6A14-4DF9-84FF-3DCE6840AFB1}.Debug|Any CPU.ActiveCfg = Debug|Any CPU
		{CE1F3807-6A14-4DF9-84FF-3DCE6840AFB1}.Debug|Any CPU.Build.0 = Debug|Any CPU
		{CE1F3807-6A14-4DF9-84FF-3DCE6840AFB1}.Release|Any CPU.ActiveCfg = Release|Any CPU
		{CE1F3807-6A14-4DF9-84FF-3DCE6840AFB1}.Release|Any CPU.Build.0 = Release|Any CPU
	EndGlobalSection
	GlobalSection(SolutionProperties) = preSolution
		HideSolutionNode = FALSE
	EndGlobalSection
	GlobalSection(ExtensibilityGlobals) = postSolution
		SolutionGuid = {C2057BBA-F271-4687-85EB-4B498098BD49}
	EndGlobalSection
EndGlobal
