
Microsoft Visual Studio Solution File, Format Version 12.00
# Visual Studio Version 16
VisualStudioVersion = 16.0.30011.22
MinimumVisualStudioVersion = 10.0.40219.1
Project("{FAE04EC0-301F-11D3-BF4B-00C04F79EFBC}") = "Diamond", "Diamond\Diamond.csproj", "{72338DA6-6CCD-4835-9C02-D0F29F799E04}"
EndProject
Global
	GlobalSection(SolutionConfigurationPlatforms) = preSolution
		Debug|Any CPU = Debug|Any CPU
		Release|Any CPU = Release|Any CPU
	EndGlobalSection
	GlobalSection(ProjectConfigurationPlatforms) = postSolution
		{72338DA6-6CCD-4835-9C02-D0F29F799E04}.Debug|Any CPU.ActiveCfg = Debug|Any CPU
		{72338DA6-6CCD-4835-9C02-D0F29F799E04}.Debug|Any CPU.Build.0 = Debug|Any CPU
		{72338DA6-6CCD-4835-9C02-D0F29F799E04}.Release|Any CPU.ActiveCfg = Release|Any CPU
		{72338DA6-6CCD-4835-9C02-D0F29F799E04}.Release|Any CPU.Build.0 = Release|Any CPU
	EndGlobalSection
	GlobalSection(SolutionProperties) = preSolution
		HideSolutionNode = FALSE
	EndGlobalSection
	GlobalSection(ExtensibilityGlobals) = postSolution
		SolutionGuid = {89420844-D363-43CD-8C32-07C2DDA1DE39}
	EndGlobalSection
EndGlobal
