
Microsoft Visual Studio Solution File, Format Version 12.00
# Visual Studio Version 16
VisualStudioVersion = 16.0.30011.22
MinimumVisualStudioVersion = 10.0.40219.1
Project("{FAE04EC0-301F-11D3-BF4B-00C04F79EFBC}") = "ChrismasTree", "ChrismasTree\ChrismasTree.csproj", "{48E21F59-36B3-4AE5-944B-3A312BCBAD37}"
EndProject
Global
	GlobalSection(SolutionConfigurationPlatforms) = preSolution
		Debug|Any CPU = Debug|Any CPU
		Release|Any CPU = Release|Any CPU
	EndGlobalSection
	GlobalSection(ProjectConfigurationPlatforms) = postSolution
		{48E21F59-36B3-4AE5-944B-3A312BCBAD37}.Debug|Any CPU.ActiveCfg = Debug|Any CPU
		{48E21F59-36B3-4AE5-944B-3A312BCBAD37}.Debug|Any CPU.Build.0 = Debug|Any CPU
		{48E21F59-36B3-4AE5-944B-3A312BCBAD37}.Release|Any CPU.ActiveCfg = Release|Any CPU
		{48E21F59-36B3-4AE5-944B-3A312BCBAD37}.Release|Any CPU.Build.0 = Release|Any CPU
	EndGlobalSection
	GlobalSection(SolutionProperties) = preSolution
		HideSolutionNode = FALSE
	EndGlobalSection
	GlobalSection(ExtensibilityGlobals) = postSolution
		SolutionGuid = {756E9C5A-F2B5-4FC7-9FF9-0D985FE1A356}
	EndGlobalSection
EndGlobal
