
Microsoft Visual Studio Solution File, Format Version 12.00
# Visual Studio Version 16
VisualStudioVersion = 16.0.30011.22
MinimumVisualStudioVersion = 10.0.40219.1
Project("{FAE04EC0-301F-11D3-BF4B-00C04F79EFBC}") = "PasswordGenerator", "PasswordGenerator\PasswordGenerator.csproj", "{58B20D9C-2970-4E5D-A11B-1EFD0F975CCC}"
EndProject
Global
	GlobalSection(SolutionConfigurationPlatforms) = preSolution
		Debug|Any CPU = Debug|Any CPU
		Release|Any CPU = Release|Any CPU
	EndGlobalSection
	GlobalSection(ProjectConfigurationPlatforms) = postSolution
		{58B20D9C-2970-4E5D-A11B-1EFD0F975CCC}.Debug|Any CPU.ActiveCfg = Debug|Any CPU
		{58B20D9C-2970-4E5D-A11B-1EFD0F975CCC}.Debug|Any CPU.Build.0 = Debug|Any CPU
		{58B20D9C-2970-4E5D-A11B-1EFD0F975CCC}.Release|Any CPU.ActiveCfg = Release|Any CPU
		{58B20D9C-2970-4E5D-A11B-1EFD0F975CCC}.Release|Any CPU.Build.0 = Release|Any CPU
	EndGlobalSection
	GlobalSection(SolutionProperties) = preSolution
		HideSolutionNode = FALSE
	EndGlobalSection
	GlobalSection(ExtensibilityGlobals) = postSolution
		SolutionGuid = {460E92BC-4F72-4935-800A-108E34F61126}
	EndGlobalSection
EndGlobal
