
Microsoft Visual Studio Solution File, Format Version 12.00
# Visual Studio Version 16
VisualStudioVersion = 16.0.31112.23
MinimumVisualStudioVersion = 10.0.40219.1
Project("{FAE04EC0-301F-11D3-BF4B-00C04F79EFBC}") = "MatchingParanthesses", "MatchingParanthesses\MatchingParanthesses.csproj", "{699B0A7D-920F-4D73-8AB8-C85A3AA98D48}"
EndProject
Global
	GlobalSection(SolutionConfigurationPlatforms) = preSolution
		Debug|Any CPU = Debug|Any CPU
		Release|Any CPU = Release|Any CPU
	EndGlobalSection
	GlobalSection(ProjectConfigurationPlatforms) = postSolution
		{699B0A7D-920F-4D73-8AB8-C85A3AA98D48}.Debug|Any CPU.ActiveCfg = Debug|Any CPU
		{699B0A7D-920F-4D73-8AB8-C85A3AA98D48}.Debug|Any CPU.Build.0 = Debug|Any CPU
		{699B0A7D-920F-4D73-8AB8-C85A3AA98D48}.Release|Any CPU.ActiveCfg = Release|Any CPU
		{699B0A7D-920F-4D73-8AB8-C85A3AA98D48}.Release|Any CPU.Build.0 = Release|Any CPU
	EndGlobalSection
	GlobalSection(SolutionProperties) = preSolution
		HideSolutionNode = FALSE
	EndGlobalSection
	GlobalSection(ExtensibilityGlobals) = postSolution
		SolutionGuid = {6AEBE1CD-4678-4FC2-A00B-C99335789668}
	EndGlobalSection
EndGlobal
