
Microsoft Visual Studio Solution File, Format Version 12.00
# Visual Studio Version 16
VisualStudioVersion = 16.0.30804.86
MinimumVisualStudioVersion = 10.0.40219.1
Project("{FAE04EC0-301F-11D3-BF4B-00C04F79EFBC}") = "StudentAcademy", "StudentAcademy\StudentAcademy.csproj", "{CC2FBD45-51C1-4560-9EA9-125D50B3F8BB}"
EndProject
Global
	GlobalSection(SolutionConfigurationPlatforms) = preSolution
		Debug|Any CPU = Debug|Any CPU
		Release|Any CPU = Release|Any CPU
	EndGlobalSection
	GlobalSection(ProjectConfigurationPlatforms) = postSolution
		{CC2FBD45-51C1-4560-9EA9-125D50B3F8BB}.Debug|Any CPU.ActiveCfg = Debug|Any CPU
		{CC2FBD45-51C1-4560-9EA9-125D50B3F8BB}.Debug|Any CPU.Build.0 = Debug|Any CPU
		{CC2FBD45-51C1-4560-9EA9-125D50B3F8BB}.Release|Any CPU.ActiveCfg = Release|Any CPU
		{CC2FBD45-51C1-4560-9EA9-125D50B3F8BB}.Release|Any CPU.Build.0 = Release|Any CPU
	EndGlobalSection
	GlobalSection(SolutionProperties) = preSolution
		HideSolutionNode = FALSE
	EndGlobalSection
	GlobalSection(ExtensibilityGlobals) = postSolution
		SolutionGuid = {77EDC18F-FE94-4FDD-9734-E04EBE39C8BF}
	EndGlobalSection
EndGlobal
